// !$*UTF8*$!
{
	archiveVersion = 1;
	classes = {
	};
	objectVersion = 56;
	objects = {

/* Begin PBXBuildFile section */
		0AD891222B9F04070073F479 /* GameViewModel.swift in Sources */ = {isa = PBXBuildFile; fileRef = 0AD891212B9F04070073F479 /* GameViewModel.swift */; };
		0AD891242B9F040E0073F479 /* LevelDesignerViewModel.swift in Sources */ = {isa = PBXBuildFile; fileRef = 0AD891232B9F040E0073F479 /* LevelDesignerViewModel.swift */; };
		3F91A1E22B9EB7F0003D87A6 /* AppDelegate.swift in Sources */ = {isa = PBXBuildFile; fileRef = 3F91A1E12B9EB7F0003D87A6 /* AppDelegate.swift */; };
		3F91A1E42B9EB7F0003D87A6 /* SceneDelegate.swift in Sources */ = {isa = PBXBuildFile; fileRef = 3F91A1E32B9EB7F0003D87A6 /* SceneDelegate.swift */; };
		3F91A1E62B9EB7F0003D87A6 /* ViewController.swift in Sources */ = {isa = PBXBuildFile; fileRef = 3F91A1E52B9EB7F0003D87A6 /* ViewController.swift */; };
		3F91A1E92B9EB7F0003D87A6 /* Main.storyboard in Resources */ = {isa = PBXBuildFile; fileRef = 3F91A1E72B9EB7F0003D87A6 /* Main.storyboard */; };
		3F91A1EB2B9EB7F1003D87A6 /* Assets.xcassets in Resources */ = {isa = PBXBuildFile; fileRef = 3F91A1EA2B9EB7F1003D87A6 /* Assets.xcassets */; };
		3F91A1EE2B9EB7F1003D87A6 /* LaunchScreen.storyboard in Resources */ = {isa = PBXBuildFile; fileRef = 3F91A1EC2B9EB7F1003D87A6 /* LaunchScreen.storyboard */; };
		3F91A1F92B9EB7F1003D87A6 /* TheAlienThatEatsTheCarrotTests.swift in Sources */ = {isa = PBXBuildFile; fileRef = 3F91A1F82B9EB7F1003D87A6 /* TheAlienThatEatsTheCarrotTests.swift */; };
		3F91A2032B9EB7F1003D87A6 /* TheAlienThatEatsTheCarrotUITests.swift in Sources */ = {isa = PBXBuildFile; fileRef = 3F91A2022B9EB7F1003D87A6 /* TheAlienThatEatsTheCarrotUITests.swift */; };
		3F91A2052B9EB7F1003D87A6 /* TheAlienThatEatsTheCarrotUITestsLaunchTests.swift in Sources */ = {isa = PBXBuildFile; fileRef = 3F91A2042B9EB7F1003D87A6 /* TheAlienThatEatsTheCarrotUITestsLaunchTests.swift */; };
		9F9DB2AB2BA2A55200CB5CEA /* CGPoint+extensions.swift in Sources */ = {isa = PBXBuildFile; fileRef = 9F9DB28A2BA2A55200CB5CEA /* CGPoint+extensions.swift */; };
		9F9DB2AC2BA2A55200CB5CEA /* CGVector+extension.swift in Sources */ = {isa = PBXBuildFile; fileRef = 9F9DB28B2BA2A55200CB5CEA /* CGVector+extension.swift */; };
		9F9DB2AD2BA2A55200CB5CEA /* CGFloat+extension.swift in Sources */ = {isa = PBXBuildFile; fileRef = 9F9DB28C2BA2A55200CB5CEA /* CGFloat+extension.swift */; };
		9F9DB2AE2BA2A55200CB5CEA /* Character.swift in Sources */ = {isa = PBXBuildFile; fileRef = 9F9DB28F2BA2A55200CB5CEA /* Character.swift */; };
		9F9DB2AF2BA2A55200CB5CEA /* NormalCharacter.swift in Sources */ = {isa = PBXBuildFile; fileRef = 9F9DB2902BA2A55200CB5CEA /* NormalCharacter.swift */; };
		9F9DB2B02BA2A55200CB5CEA /* NormalEnemy.swift in Sources */ = {isa = PBXBuildFile; fileRef = 9F9DB2922BA2A55200CB5CEA /* NormalEnemy.swift */; };
		9F9DB2B12BA2A55200CB5CEA /* Enemy.swift in Sources */ = {isa = PBXBuildFile; fileRef = 9F9DB2932BA2A55200CB5CEA /* Enemy.swift */; };
		9F9DB2B22BA2A55200CB5CEA /* TurretEnemy.swift in Sources */ = {isa = PBXBuildFile; fileRef = 9F9DB2942BA2A55200CB5CEA /* TurretEnemy.swift */; };
		9F9DB2B32BA2A55200CB5CEA /* StationaryEnemy.swift in Sources */ = {isa = PBXBuildFile; fileRef = 9F9DB2952BA2A55200CB5CEA /* StationaryEnemy.swift */; };
		9F9DB2B42BA2A55200CB5CEA /* FastEnemy.swift in Sources */ = {isa = PBXBuildFile; fileRef = 9F9DB2962BA2A55200CB5CEA /* FastEnemy.swift */; };
		9F9DB2B52BA2A55200CB5CEA /* Coin.swift in Sources */ = {isa = PBXBuildFile; fileRef = 9F9DB2982BA2A55200CB5CEA /* Coin.swift */; };
		9F9DB2B62BA2A55200CB5CEA /* Carrot.swift in Sources */ = {isa = PBXBuildFile; fileRef = 9F9DB2992BA2A55200CB5CEA /* Carrot.swift */; };
		9F9DB2B72BA2A55200CB5CEA /* Collectable.swift in Sources */ = {isa = PBXBuildFile; fileRef = 9F9DB29A2BA2A55200CB5CEA /* Collectable.swift */; };
		9F9DB2B82BA2A55200CB5CEA /* Heart.swift in Sources */ = {isa = PBXBuildFile; fileRef = 9F9DB29B2BA2A55200CB5CEA /* Heart.swift */; };
		9F9DB2B92BA2A55200CB5CEA /* BoardObject.swift in Sources */ = {isa = PBXBuildFile; fileRef = 9F9DB29C2BA2A55200CB5CEA /* BoardObject.swift */; };
		9F9DB2BA2BA2A55200CB5CEA /* DoubleJumpPowerup.swift in Sources */ = {isa = PBXBuildFile; fileRef = 9F9DB29E2BA2A55200CB5CEA /* DoubleJumpPowerup.swift */; };
		9F9DB2BB2BA2A55200CB5CEA /* StrengthPowerup.swift in Sources */ = {isa = PBXBuildFile; fileRef = 9F9DB29F2BA2A55200CB5CEA /* StrengthPowerup.swift */; };
		9F9DB2BC2BA2A55200CB5CEA /* InvinciblePowerup.swift in Sources */ = {isa = PBXBuildFile; fileRef = 9F9DB2A02BA2A55200CB5CEA /* InvinciblePowerup.swift */; };
		9F9DB2BD2BA2A55200CB5CEA /* AttackPowerup.swift in Sources */ = {isa = PBXBuildFile; fileRef = 9F9DB2A12BA2A55200CB5CEA /* AttackPowerup.swift */; };
		9F9DB2BE2BA2A55200CB5CEA /* Powerup.swift in Sources */ = {isa = PBXBuildFile; fileRef = 9F9DB2A22BA2A55200CB5CEA /* Powerup.swift */; };
		9F9DB2BF2BA2A55200CB5CEA /* SpikeBlock.swift in Sources */ = {isa = PBXBuildFile; fileRef = 9F9DB2A42BA2A55200CB5CEA /* SpikeBlock.swift */; };
		9F9DB2C02BA2A55200CB5CEA /* NormalBlock.swift in Sources */ = {isa = PBXBuildFile; fileRef = 9F9DB2A52BA2A55200CB5CEA /* NormalBlock.swift */; };
		9F9DB2C12BA2A55200CB5CEA /* Block.swift in Sources */ = {isa = PBXBuildFile; fileRef = 9F9DB2A62BA2A55200CB5CEA /* Block.swift */; };
		9F9DB2C22BA2A55200CB5CEA /* GroundBlock.swift in Sources */ = {isa = PBXBuildFile; fileRef = 9F9DB2A72BA2A55200CB5CEA /* GroundBlock.swift */; };
		9F9DB2C32BA2A55200CB5CEA /* PowerupBlock.swift in Sources */ = {isa = PBXBuildFile; fileRef = 9F9DB2A82BA2A55200CB5CEA /* PowerupBlock.swift */; };
		9F9DB2C42BA2A55200CB5CEA /* PushableBlock.swift in Sources */ = {isa = PBXBuildFile; fileRef = 9F9DB2A92BA2A55200CB5CEA /* PushableBlock.swift */; };
		9F9DB2C52BA2A55200CB5CEA /* BreakableBlock.swift in Sources */ = {isa = PBXBuildFile; fileRef = 9F9DB2AA2BA2A55200CB5CEA /* BreakableBlock.swift */; };
/* End PBXBuildFile section */

/* Begin PBXContainerItemProxy section */
		3F91A1F52B9EB7F1003D87A6 /* PBXContainerItemProxy */ = {
			isa = PBXContainerItemProxy;
			containerPortal = 3F91A1D62B9EB7F0003D87A6 /* Project object */;
			proxyType = 1;
			remoteGlobalIDString = 3F91A1DD2B9EB7F0003D87A6;
			remoteInfo = TheAlienThatEatsTheCarrot;
		};
		3F91A1FF2B9EB7F1003D87A6 /* PBXContainerItemProxy */ = {
			isa = PBXContainerItemProxy;
			containerPortal = 3F91A1D62B9EB7F0003D87A6 /* Project object */;
			proxyType = 1;
			remoteGlobalIDString = 3F91A1DD2B9EB7F0003D87A6;
			remoteInfo = TheAlienThatEatsTheCarrot;
		};
/* End PBXContainerItemProxy section */

/* Begin PBXFileReference section */
		0AD891212B9F04070073F479 /* GameViewModel.swift */ = {isa = PBXFileReference; lastKnownFileType = sourcecode.swift; path = GameViewModel.swift; sourceTree = "<group>"; };
		0AD891232B9F040E0073F479 /* LevelDesignerViewModel.swift */ = {isa = PBXFileReference; lastKnownFileType = sourcecode.swift; path = LevelDesignerViewModel.swift; sourceTree = "<group>"; };
		3F91A1DE2B9EB7F0003D87A6 /* TheAlienThatEatsTheCarrot.app */ = {isa = PBXFileReference; explicitFileType = wrapper.application; includeInIndex = 0; path = TheAlienThatEatsTheCarrot.app; sourceTree = BUILT_PRODUCTS_DIR; };
		3F91A1E12B9EB7F0003D87A6 /* AppDelegate.swift */ = {isa = PBXFileReference; lastKnownFileType = sourcecode.swift; path = AppDelegate.swift; sourceTree = "<group>"; };
		3F91A1E32B9EB7F0003D87A6 /* SceneDelegate.swift */ = {isa = PBXFileReference; lastKnownFileType = sourcecode.swift; path = SceneDelegate.swift; sourceTree = "<group>"; };
		3F91A1E52B9EB7F0003D87A6 /* ViewController.swift */ = {isa = PBXFileReference; lastKnownFileType = sourcecode.swift; path = ViewController.swift; sourceTree = "<group>"; };
		3F91A1E82B9EB7F0003D87A6 /* Base */ = {isa = PBXFileReference; lastKnownFileType = file.storyboard; name = Base; path = Base.lproj/Main.storyboard; sourceTree = "<group>"; };
		3F91A1EA2B9EB7F1003D87A6 /* Assets.xcassets */ = {isa = PBXFileReference; lastKnownFileType = folder.assetcatalog; path = Assets.xcassets; sourceTree = "<group>"; };
		3F91A1ED2B9EB7F1003D87A6 /* Base */ = {isa = PBXFileReference; lastKnownFileType = file.storyboard; name = Base; path = Base.lproj/LaunchScreen.storyboard; sourceTree = "<group>"; };
		3F91A1EF2B9EB7F1003D87A6 /* Info.plist */ = {isa = PBXFileReference; lastKnownFileType = text.plist.xml; path = Info.plist; sourceTree = "<group>"; };
		3F91A1F42B9EB7F1003D87A6 /* TheAlienThatEatsTheCarrotTests.xctest */ = {isa = PBXFileReference; explicitFileType = wrapper.cfbundle; includeInIndex = 0; path = TheAlienThatEatsTheCarrotTests.xctest; sourceTree = BUILT_PRODUCTS_DIR; };
		3F91A1F82B9EB7F1003D87A6 /* TheAlienThatEatsTheCarrotTests.swift */ = {isa = PBXFileReference; lastKnownFileType = sourcecode.swift; path = TheAlienThatEatsTheCarrotTests.swift; sourceTree = "<group>"; };
		3F91A1FE2B9EB7F1003D87A6 /* TheAlienThatEatsTheCarrotUITests.xctest */ = {isa = PBXFileReference; explicitFileType = wrapper.cfbundle; includeInIndex = 0; path = TheAlienThatEatsTheCarrotUITests.xctest; sourceTree = BUILT_PRODUCTS_DIR; };
		3F91A2022B9EB7F1003D87A6 /* TheAlienThatEatsTheCarrotUITests.swift */ = {isa = PBXFileReference; lastKnownFileType = sourcecode.swift; path = TheAlienThatEatsTheCarrotUITests.swift; sourceTree = "<group>"; };
		3F91A2042B9EB7F1003D87A6 /* TheAlienThatEatsTheCarrotUITestsLaunchTests.swift */ = {isa = PBXFileReference; lastKnownFileType = sourcecode.swift; path = TheAlienThatEatsTheCarrotUITestsLaunchTests.swift; sourceTree = "<group>"; };
		9F9DB28A2BA2A55200CB5CEA /* CGPoint+extensions.swift */ = {isa = PBXFileReference; fileEncoding = 4; lastKnownFileType = sourcecode.swift; path = "CGPoint+extensions.swift"; sourceTree = "<group>"; };
		9F9DB28B2BA2A55200CB5CEA /* CGVector+extension.swift */ = {isa = PBXFileReference; fileEncoding = 4; lastKnownFileType = sourcecode.swift; path = "CGVector+extension.swift"; sourceTree = "<group>"; };
		9F9DB28C2BA2A55200CB5CEA /* CGFloat+extension.swift */ = {isa = PBXFileReference; fileEncoding = 4; lastKnownFileType = sourcecode.swift; path = "CGFloat+extension.swift"; sourceTree = "<group>"; };
		9F9DB28F2BA2A55200CB5CEA /* Character.swift */ = {isa = PBXFileReference; fileEncoding = 4; lastKnownFileType = sourcecode.swift; path = Character.swift; sourceTree = "<group>"; };
		9F9DB2902BA2A55200CB5CEA /* NormalCharacter.swift */ = {isa = PBXFileReference; fileEncoding = 4; lastKnownFileType = sourcecode.swift; path = NormalCharacter.swift; sourceTree = "<group>"; };
		9F9DB2922BA2A55200CB5CEA /* NormalEnemy.swift */ = {isa = PBXFileReference; fileEncoding = 4; lastKnownFileType = sourcecode.swift; path = NormalEnemy.swift; sourceTree = "<group>"; };
		9F9DB2932BA2A55200CB5CEA /* Enemy.swift */ = {isa = PBXFileReference; fileEncoding = 4; lastKnownFileType = sourcecode.swift; path = Enemy.swift; sourceTree = "<group>"; };
		9F9DB2942BA2A55200CB5CEA /* TurretEnemy.swift */ = {isa = PBXFileReference; fileEncoding = 4; lastKnownFileType = sourcecode.swift; path = TurretEnemy.swift; sourceTree = "<group>"; };
		9F9DB2952BA2A55200CB5CEA /* StationaryEnemy.swift */ = {isa = PBXFileReference; fileEncoding = 4; lastKnownFileType = sourcecode.swift; path = StationaryEnemy.swift; sourceTree = "<group>"; };
		9F9DB2962BA2A55200CB5CEA /* FastEnemy.swift */ = {isa = PBXFileReference; fileEncoding = 4; lastKnownFileType = sourcecode.swift; path = FastEnemy.swift; sourceTree = "<group>"; };
		9F9DB2982BA2A55200CB5CEA /* Coin.swift */ = {isa = PBXFileReference; fileEncoding = 4; lastKnownFileType = sourcecode.swift; path = Coin.swift; sourceTree = "<group>"; };
		9F9DB2992BA2A55200CB5CEA /* Carrot.swift */ = {isa = PBXFileReference; fileEncoding = 4; lastKnownFileType = sourcecode.swift; path = Carrot.swift; sourceTree = "<group>"; };
		9F9DB29A2BA2A55200CB5CEA /* Collectable.swift */ = {isa = PBXFileReference; fileEncoding = 4; lastKnownFileType = sourcecode.swift; path = Collectable.swift; sourceTree = "<group>"; };
		9F9DB29B2BA2A55200CB5CEA /* Heart.swift */ = {isa = PBXFileReference; fileEncoding = 4; lastKnownFileType = sourcecode.swift; path = Heart.swift; sourceTree = "<group>"; };
		9F9DB29C2BA2A55200CB5CEA /* BoardObject.swift */ = {isa = PBXFileReference; fileEncoding = 4; lastKnownFileType = sourcecode.swift; path = BoardObject.swift; sourceTree = "<group>"; };
		9F9DB29E2BA2A55200CB5CEA /* DoubleJumpPowerup.swift */ = {isa = PBXFileReference; fileEncoding = 4; lastKnownFileType = sourcecode.swift; path = DoubleJumpPowerup.swift; sourceTree = "<group>"; };
		9F9DB29F2BA2A55200CB5CEA /* StrengthPowerup.swift */ = {isa = PBXFileReference; fileEncoding = 4; lastKnownFileType = sourcecode.swift; path = StrengthPowerup.swift; sourceTree = "<group>"; };
		9F9DB2A02BA2A55200CB5CEA /* InvinciblePowerup.swift */ = {isa = PBXFileReference; fileEncoding = 4; lastKnownFileType = sourcecode.swift; path = InvinciblePowerup.swift; sourceTree = "<group>"; };
		9F9DB2A12BA2A55200CB5CEA /* AttackPowerup.swift */ = {isa = PBXFileReference; fileEncoding = 4; lastKnownFileType = sourcecode.swift; path = AttackPowerup.swift; sourceTree = "<group>"; };
		9F9DB2A22BA2A55200CB5CEA /* Powerup.swift */ = {isa = PBXFileReference; fileEncoding = 4; lastKnownFileType = sourcecode.swift; path = Powerup.swift; sourceTree = "<group>"; };
		9F9DB2A42BA2A55200CB5CEA /* SpikeBlock.swift */ = {isa = PBXFileReference; fileEncoding = 4; lastKnownFileType = sourcecode.swift; path = SpikeBlock.swift; sourceTree = "<group>"; };
		9F9DB2A52BA2A55200CB5CEA /* NormalBlock.swift */ = {isa = PBXFileReference; fileEncoding = 4; lastKnownFileType = sourcecode.swift; path = NormalBlock.swift; sourceTree = "<group>"; };
		9F9DB2A62BA2A55200CB5CEA /* Block.swift */ = {isa = PBXFileReference; fileEncoding = 4; lastKnownFileType = sourcecode.swift; path = Block.swift; sourceTree = "<group>"; };
		9F9DB2A72BA2A55200CB5CEA /* GroundBlock.swift */ = {isa = PBXFileReference; fileEncoding = 4; lastKnownFileType = sourcecode.swift; path = GroundBlock.swift; sourceTree = "<group>"; };
		9F9DB2A82BA2A55200CB5CEA /* PowerupBlock.swift */ = {isa = PBXFileReference; fileEncoding = 4; lastKnownFileType = sourcecode.swift; path = PowerupBlock.swift; sourceTree = "<group>"; };
		9F9DB2A92BA2A55200CB5CEA /* PushableBlock.swift */ = {isa = PBXFileReference; fileEncoding = 4; lastKnownFileType = sourcecode.swift; path = PushableBlock.swift; sourceTree = "<group>"; };
		9F9DB2AA2BA2A55200CB5CEA /* BreakableBlock.swift */ = {isa = PBXFileReference; fileEncoding = 4; lastKnownFileType = sourcecode.swift; path = BreakableBlock.swift; sourceTree = "<group>"; };
/* End PBXFileReference section */

/* Begin PBXFrameworksBuildPhase section */
		3F91A1DB2B9EB7F0003D87A6 /* Frameworks */ = {
			isa = PBXFrameworksBuildPhase;
			buildActionMask = 2147483647;
			files = (
			);
			runOnlyForDeploymentPostprocessing = 0;
		};
		3F91A1F12B9EB7F1003D87A6 /* Frameworks */ = {
			isa = PBXFrameworksBuildPhase;
			buildActionMask = 2147483647;
			files = (
			);
			runOnlyForDeploymentPostprocessing = 0;
		};
		3F91A1FB2B9EB7F1003D87A6 /* Frameworks */ = {
			isa = PBXFrameworksBuildPhase;
			buildActionMask = 2147483647;
			files = (
			);
			runOnlyForDeploymentPostprocessing = 0;
		};
/* End PBXFrameworksBuildPhase section */

/* Begin PBXGroup section */
		0AD8911F2B9F036F0073F479 /* ViewModel */ = {
			isa = PBXGroup;
			children = (
				0AD891212B9F04070073F479 /* GameViewModel.swift */,
				0AD891232B9F040E0073F479 /* LevelDesignerViewModel.swift */,
			);
			path = ViewModel;
			sourceTree = "<group>";
		};
		0AD891202B9F037F0073F479 /* View */ = {
			isa = PBXGroup;
			children = (
			);
			path = View;
			sourceTree = "<group>";
		};
		3F91A1D52B9EB7F0003D87A6 = {
			isa = PBXGroup;
			children = (
				3F91A1E02B9EB7F0003D87A6 /* TheAlienThatEatsTheCarrot */,
				3F91A1F72B9EB7F1003D87A6 /* TheAlienThatEatsTheCarrotTests */,
				3F91A2012B9EB7F1003D87A6 /* TheAlienThatEatsTheCarrotUITests */,
				3F91A1DF2B9EB7F0003D87A6 /* Products */,
			);
			sourceTree = "<group>";
		};
		3F91A1DF2B9EB7F0003D87A6 /* Products */ = {
			isa = PBXGroup;
			children = (
				3F91A1DE2B9EB7F0003D87A6 /* TheAlienThatEatsTheCarrot.app */,
				3F91A1F42B9EB7F1003D87A6 /* TheAlienThatEatsTheCarrotTests.xctest */,
				3F91A1FE2B9EB7F1003D87A6 /* TheAlienThatEatsTheCarrotUITests.xctest */,
			);
			name = Products;
			sourceTree = "<group>";
		};
		3F91A1E02B9EB7F0003D87A6 /* TheAlienThatEatsTheCarrot */ = {
			isa = PBXGroup;
			children = (
				9F9DB2882BA2A55200CB5CEA /* Model */,
				9F9DB2872BA2A3F600CB5CEA /* PhysicsEngine */,
				0AD891202B9F037F0073F479 /* View */,
				0AD8911F2B9F036F0073F479 /* ViewModel */,
				3F91A1E12B9EB7F0003D87A6 /* AppDelegate.swift */,
				3F91A1E32B9EB7F0003D87A6 /* SceneDelegate.swift */,
				3F91A1E52B9EB7F0003D87A6 /* ViewController.swift */,
				3F91A1E72B9EB7F0003D87A6 /* Main.storyboard */,
				3F91A1EA2B9EB7F1003D87A6 /* Assets.xcassets */,
				3F91A1EC2B9EB7F1003D87A6 /* LaunchScreen.storyboard */,
				3F91A1EF2B9EB7F1003D87A6 /* Info.plist */,
			);
			path = TheAlienThatEatsTheCarrot;
			sourceTree = "<group>";
		};
		3F91A1F72B9EB7F1003D87A6 /* TheAlienThatEatsTheCarrotTests */ = {
			isa = PBXGroup;
			children = (
				3F91A1F82B9EB7F1003D87A6 /* TheAlienThatEatsTheCarrotTests.swift */,
			);
			path = TheAlienThatEatsTheCarrotTests;
			sourceTree = "<group>";
		};
		3F91A2012B9EB7F1003D87A6 /* TheAlienThatEatsTheCarrotUITests */ = {
			isa = PBXGroup;
			children = (
				3F91A2022B9EB7F1003D87A6 /* TheAlienThatEatsTheCarrotUITests.swift */,
				3F91A2042B9EB7F1003D87A6 /* TheAlienThatEatsTheCarrotUITestsLaunchTests.swift */,
			);
			path = TheAlienThatEatsTheCarrotUITests;
			sourceTree = "<group>";
		};
		9F9DB2872BA2A3F600CB5CEA /* PhysicsEngine */ = {
			isa = PBXGroup;
			children = (
			);
			path = PhysicsEngine;
			sourceTree = "<group>";
		};
		9F9DB2882BA2A55200CB5CEA /* Model */ = {
			isa = PBXGroup;
			children = (
				9F9DB2892BA2A55200CB5CEA /* Utilities */,
				9F9DB28D2BA2A55200CB5CEA /* BoardObject */,
			);
			path = Model;
			sourceTree = "<group>";
		};
		9F9DB2892BA2A55200CB5CEA /* Utilities */ = {
			isa = PBXGroup;
			children = (
				9F9DB28A2BA2A55200CB5CEA /* CGPoint+extensions.swift */,
				9F9DB28B2BA2A55200CB5CEA /* CGVector+extension.swift */,
				9F9DB28C2BA2A55200CB5CEA /* CGFloat+extension.swift */,
			);
			path = Utilities;
			sourceTree = "<group>";
		};
		9F9DB28D2BA2A55200CB5CEA /* BoardObject */ = {
			isa = PBXGroup;
			children = (
				9F9DB28E2BA2A55200CB5CEA /* Character */,
				9F9DB2912BA2A55200CB5CEA /* Enemy */,
				9F9DB2972BA2A55200CB5CEA /* Collectable */,
				9F9DB29C2BA2A55200CB5CEA /* BoardObject.swift */,
				9F9DB29D2BA2A55200CB5CEA /* Powerup */,
				9F9DB2A32BA2A55200CB5CEA /* Block */,
			);
			path = BoardObject;
			sourceTree = "<group>";
		};
		9F9DB28E2BA2A55200CB5CEA /* Character */ = {
			isa = PBXGroup;
			children = (
				9F9DB28F2BA2A55200CB5CEA /* Character.swift */,
				9F9DB2902BA2A55200CB5CEA /* NormalCharacter.swift */,
			);
			path = Character;
			sourceTree = "<group>";
		};
		9F9DB2912BA2A55200CB5CEA /* Enemy */ = {
			isa = PBXGroup;
			children = (
				9F9DB2922BA2A55200CB5CEA /* NormalEnemy.swift */,
				9F9DB2932BA2A55200CB5CEA /* Enemy.swift */,
				9F9DB2942BA2A55200CB5CEA /* TurretEnemy.swift */,
				9F9DB2952BA2A55200CB5CEA /* StationaryEnemy.swift */,
				9F9DB2962BA2A55200CB5CEA /* FastEnemy.swift */,
			);
			path = Enemy;
			sourceTree = "<group>";
		};
		9F9DB2972BA2A55200CB5CEA /* Collectable */ = {
			isa = PBXGroup;
			children = (
				9F9DB2982BA2A55200CB5CEA /* Coin.swift */,
				9F9DB2992BA2A55200CB5CEA /* Carrot.swift */,
				9F9DB29A2BA2A55200CB5CEA /* Collectable.swift */,
				9F9DB29B2BA2A55200CB5CEA /* Heart.swift */,
			);
			path = Collectable;
			sourceTree = "<group>";
		};
		9F9DB29D2BA2A55200CB5CEA /* Powerup */ = {
			isa = PBXGroup;
			children = (
				9F9DB29E2BA2A55200CB5CEA /* DoubleJumpPowerup.swift */,
				9F9DB29F2BA2A55200CB5CEA /* StrengthPowerup.swift */,
				9F9DB2A02BA2A55200CB5CEA /* InvinciblePowerup.swift */,
				9F9DB2A12BA2A55200CB5CEA /* AttackPowerup.swift */,
				9F9DB2A22BA2A55200CB5CEA /* Powerup.swift */,
			);
			path = Powerup;
			sourceTree = "<group>";
		};
		9F9DB2A32BA2A55200CB5CEA /* Block */ = {
			isa = PBXGroup;
			children = (
				9F9DB2A42BA2A55200CB5CEA /* SpikeBlock.swift */,
				9F9DB2A52BA2A55200CB5CEA /* NormalBlock.swift */,
				9F9DB2A62BA2A55200CB5CEA /* Block.swift */,
				9F9DB2A72BA2A55200CB5CEA /* GroundBlock.swift */,
				9F9DB2A82BA2A55200CB5CEA /* PowerupBlock.swift */,
				9F9DB2A92BA2A55200CB5CEA /* PushableBlock.swift */,
				9F9DB2AA2BA2A55200CB5CEA /* BreakableBlock.swift */,
			);
			path = Block;
			sourceTree = "<group>";
		};
/* End PBXGroup section */

/* Begin PBXNativeTarget section */
		3F91A1DD2B9EB7F0003D87A6 /* TheAlienThatEatsTheCarrot */ = {
			isa = PBXNativeTarget;
			buildConfigurationList = 3F91A2082B9EB7F1003D87A6 /* Build configuration list for PBXNativeTarget "TheAlienThatEatsTheCarrot" */;
			buildPhases = (
				3F91A1DA2B9EB7F0003D87A6 /* Sources */,
				3F91A1DB2B9EB7F0003D87A6 /* Frameworks */,
				3F91A1DC2B9EB7F0003D87A6 /* Resources */,
				3F91A2112B9EB7FE003D87A6 /* Run Script */,
			);
			buildRules = (
			);
			dependencies = (
			);
			name = TheAlienThatEatsTheCarrot;
			productName = TheAlienThatEatsTheCarrot;
			productReference = 3F91A1DE2B9EB7F0003D87A6 /* TheAlienThatEatsTheCarrot.app */;
			productType = "com.apple.product-type.application";
		};
		3F91A1F32B9EB7F1003D87A6 /* TheAlienThatEatsTheCarrotTests */ = {
			isa = PBXNativeTarget;
			buildConfigurationList = 3F91A20B2B9EB7F1003D87A6 /* Build configuration list for PBXNativeTarget "TheAlienThatEatsTheCarrotTests" */;
			buildPhases = (
				3F91A1F02B9EB7F1003D87A6 /* Sources */,
				3F91A1F12B9EB7F1003D87A6 /* Frameworks */,
				3F91A1F22B9EB7F1003D87A6 /* Resources */,
			);
			buildRules = (
			);
			dependencies = (
				3F91A1F62B9EB7F1003D87A6 /* PBXTargetDependency */,
			);
			name = TheAlienThatEatsTheCarrotTests;
			productName = TheAlienThatEatsTheCarrotTests;
			productReference = 3F91A1F42B9EB7F1003D87A6 /* TheAlienThatEatsTheCarrotTests.xctest */;
			productType = "com.apple.product-type.bundle.unit-test";
		};
		3F91A1FD2B9EB7F1003D87A6 /* TheAlienThatEatsTheCarrotUITests */ = {
			isa = PBXNativeTarget;
			buildConfigurationList = 3F91A20E2B9EB7F1003D87A6 /* Build configuration list for PBXNativeTarget "TheAlienThatEatsTheCarrotUITests" */;
			buildPhases = (
				3F91A1FA2B9EB7F1003D87A6 /* Sources */,
				3F91A1FB2B9EB7F1003D87A6 /* Frameworks */,
				3F91A1FC2B9EB7F1003D87A6 /* Resources */,
			);
			buildRules = (
			);
			dependencies = (
				3F91A2002B9EB7F1003D87A6 /* PBXTargetDependency */,
			);
			name = TheAlienThatEatsTheCarrotUITests;
			productName = TheAlienThatEatsTheCarrotUITests;
			productReference = 3F91A1FE2B9EB7F1003D87A6 /* TheAlienThatEatsTheCarrotUITests.xctest */;
			productType = "com.apple.product-type.bundle.ui-testing";
		};
/* End PBXNativeTarget section */

/* Begin PBXProject section */
		3F91A1D62B9EB7F0003D87A6 /* Project object */ = {
			isa = PBXProject;
			attributes = {
				BuildIndependentTargetsInParallel = 1;
				LastSwiftUpdateCheck = 1420;
				LastUpgradeCheck = 1420;
				TargetAttributes = {
					3F91A1DD2B9EB7F0003D87A6 = {
						CreatedOnToolsVersion = 14.2;
					};
					3F91A1F32B9EB7F1003D87A6 = {
						CreatedOnToolsVersion = 14.2;
						TestTargetID = 3F91A1DD2B9EB7F0003D87A6;
					};
					3F91A1FD2B9EB7F1003D87A6 = {
						CreatedOnToolsVersion = 14.2;
						TestTargetID = 3F91A1DD2B9EB7F0003D87A6;
					};
				};
			};
			buildConfigurationList = 3F91A1D92B9EB7F0003D87A6 /* Build configuration list for PBXProject "TheAlienThatEatsTheCarrot" */;
			compatibilityVersion = "Xcode 14.0";
			developmentRegion = en;
			hasScannedForEncodings = 0;
			knownRegions = (
				en,
				Base,
			);
			mainGroup = 3F91A1D52B9EB7F0003D87A6;
			productRefGroup = 3F91A1DF2B9EB7F0003D87A6 /* Products */;
			projectDirPath = "";
			projectRoot = "";
			targets = (
				3F91A1DD2B9EB7F0003D87A6 /* TheAlienThatEatsTheCarrot */,
				3F91A1F32B9EB7F1003D87A6 /* TheAlienThatEatsTheCarrotTests */,
				3F91A1FD2B9EB7F1003D87A6 /* TheAlienThatEatsTheCarrotUITests */,
			);
		};
/* End PBXProject section */

/* Begin PBXResourcesBuildPhase section */
		3F91A1DC2B9EB7F0003D87A6 /* Resources */ = {
			isa = PBXResourcesBuildPhase;
			buildActionMask = 2147483647;
			files = (
				3F91A1EE2B9EB7F1003D87A6 /* LaunchScreen.storyboard in Resources */,
				3F91A1EB2B9EB7F1003D87A6 /* Assets.xcassets in Resources */,
				3F91A1E92B9EB7F0003D87A6 /* Main.storyboard in Resources */,
			);
			runOnlyForDeploymentPostprocessing = 0;
		};
		3F91A1F22B9EB7F1003D87A6 /* Resources */ = {
			isa = PBXResourcesBuildPhase;
			buildActionMask = 2147483647;
			files = (
			);
			runOnlyForDeploymentPostprocessing = 0;
		};
		3F91A1FC2B9EB7F1003D87A6 /* Resources */ = {
			isa = PBXResourcesBuildPhase;
			buildActionMask = 2147483647;
			files = (
			);
			runOnlyForDeploymentPostprocessing = 0;
		};
/* End PBXResourcesBuildPhase section */

/* Begin PBXShellScriptBuildPhase section */
		3F91A2112B9EB7FE003D87A6 /* Run Script */ = {
			isa = PBXShellScriptBuildPhase;
			buildActionMask = 2147483647;
			files = (
			);
			inputFileListPaths = (
			);
			inputPaths = (
			);
			name = "Run Script";
			outputFileListPaths = (
			);
			outputPaths = (
			);
			runOnlyForDeploymentPostprocessing = 0;
			shellPath = /bin/sh;
			shellScript = "if which swiftlint >/dev/null; then\n    swiftlint\nelse\n    echo \"warning: SwiftLint not installed, download from https://github.com/realm/SwiftLint\"\nfi\n";
		};
/* End PBXShellScriptBuildPhase section */

/* Begin PBXSourcesBuildPhase section */
		3F91A1DA2B9EB7F0003D87A6 /* Sources */ = {
			isa = PBXSourcesBuildPhase;
			buildActionMask = 2147483647;
			files = (
				9F9DB2BD2BA2A55200CB5CEA /* AttackPowerup.swift in Sources */,
				9F9DB2C12BA2A55200CB5CEA /* Block.swift in Sources */,
				9F9DB2BE2BA2A55200CB5CEA /* Powerup.swift in Sources */,
				9F9DB2BA2BA2A55200CB5CEA /* DoubleJumpPowerup.swift in Sources */,
				9F9DB2AE2BA2A55200CB5CEA /* Character.swift in Sources */,
				9F9DB2AC2BA2A55200CB5CEA /* CGVector+extension.swift in Sources */,
				9F9DB2BC2BA2A55200CB5CEA /* InvinciblePowerup.swift in Sources */,
				0AD891242B9F040E0073F479 /* LevelDesignerViewModel.swift in Sources */,
				9F9DB2AD2BA2A55200CB5CEA /* CGFloat+extension.swift in Sources */,
				9F9DB2B02BA2A55200CB5CEA /* NormalEnemy.swift in Sources */,
				9F9DB2C32BA2A55200CB5CEA /* PowerupBlock.swift in Sources */,
				9F9DB2C22BA2A55200CB5CEA /* GroundBlock.swift in Sources */,
				9F9DB2C42BA2A55200CB5CEA /* PushableBlock.swift in Sources */,
				9F9DB2AF2BA2A55200CB5CEA /* NormalCharacter.swift in Sources */,
				9F9DB2BF2BA2A55200CB5CEA /* SpikeBlock.swift in Sources */,
				9F9DB2BB2BA2A55200CB5CEA /* StrengthPowerup.swift in Sources */,
				9F9DB2B22BA2A55200CB5CEA /* TurretEnemy.swift in Sources */,
				0AD891222B9F04070073F479 /* GameViewModel.swift in Sources */,
				9F9DB2AB2BA2A55200CB5CEA /* CGPoint+extensions.swift in Sources */,
				9F9DB2C52BA2A55200CB5CEA /* BreakableBlock.swift in Sources */,
				9F9DB2B12BA2A55200CB5CEA /* Enemy.swift in Sources */,
				9F9DB2B42BA2A55200CB5CEA /* FastEnemy.swift in Sources */,
				9F9DB2B92BA2A55200CB5CEA /* BoardObject.swift in Sources */,
				9F9DB2B82BA2A55200CB5CEA /* Heart.swift in Sources */,
				9F9DB2C02BA2A55200CB5CEA /* NormalBlock.swift in Sources */,
				9F9DB2B32BA2A55200CB5CEA /* StationaryEnemy.swift in Sources */,
				9F9DB2B72BA2A55200CB5CEA /* Collectable.swift in Sources */,
				3F91A1E62B9EB7F0003D87A6 /* ViewController.swift in Sources */,
				3F91A1E22B9EB7F0003D87A6 /* AppDelegate.swift in Sources */,
				9F9DB2B52BA2A55200CB5CEA /* Coin.swift in Sources */,
				3F91A1E42B9EB7F0003D87A6 /* SceneDelegate.swift in Sources */,
				9F9DB2B62BA2A55200CB5CEA /* Carrot.swift in Sources */,
			);
			runOnlyForDeploymentPostprocessing = 0;
		};
		3F91A1F02B9EB7F1003D87A6 /* Sources */ = {
			isa = PBXSourcesBuildPhase;
			buildActionMask = 2147483647;
			files = (
				3F91A1F92B9EB7F1003D87A6 /* TheAlienThatEatsTheCarrotTests.swift in Sources */,
			);
			runOnlyForDeploymentPostprocessing = 0;
		};
		3F91A1FA2B9EB7F1003D87A6 /* Sources */ = {
			isa = PBXSourcesBuildPhase;
			buildActionMask = 2147483647;
			files = (
				3F91A2032B9EB7F1003D87A6 /* TheAlienThatEatsTheCarrotUITests.swift in Sources */,
				3F91A2052B9EB7F1003D87A6 /* TheAlienThatEatsTheCarrotUITestsLaunchTests.swift in Sources */,
			);
			runOnlyForDeploymentPostprocessing = 0;
		};
/* End PBXSourcesBuildPhase section */

/* Begin PBXTargetDependency section */
		3F91A1F62B9EB7F1003D87A6 /* PBXTargetDependency */ = {
			isa = PBXTargetDependency;
			target = 3F91A1DD2B9EB7F0003D87A6 /* TheAlienThatEatsTheCarrot */;
			targetProxy = 3F91A1F52B9EB7F1003D87A6 /* PBXContainerItemProxy */;
		};
		3F91A2002B9EB7F1003D87A6 /* PBXTargetDependency */ = {
			isa = PBXTargetDependency;
			target = 3F91A1DD2B9EB7F0003D87A6 /* TheAlienThatEatsTheCarrot */;
			targetProxy = 3F91A1FF2B9EB7F1003D87A6 /* PBXContainerItemProxy */;
		};
/* End PBXTargetDependency section */

/* Begin PBXVariantGroup section */
		3F91A1E72B9EB7F0003D87A6 /* Main.storyboard */ = {
			isa = PBXVariantGroup;
			children = (
				3F91A1E82B9EB7F0003D87A6 /* Base */,
			);
			name = Main.storyboard;
			sourceTree = "<group>";
		};
		3F91A1EC2B9EB7F1003D87A6 /* LaunchScreen.storyboard */ = {
			isa = PBXVariantGroup;
			children = (
				3F91A1ED2B9EB7F1003D87A6 /* Base */,
			);
			name = LaunchScreen.storyboard;
			sourceTree = "<group>";
		};
/* End PBXVariantGroup section */

/* Begin XCBuildConfiguration section */
		3F91A2062B9EB7F1003D87A6 /* Debug */ = {
			isa = XCBuildConfiguration;
			buildSettings = {
				ALWAYS_SEARCH_USER_PATHS = NO;
				CLANG_ANALYZER_NONNULL = YES;
				CLANG_ANALYZER_NUMBER_OBJECT_CONVERSION = YES_AGGRESSIVE;
				CLANG_CXX_LANGUAGE_STANDARD = "gnu++20";
				CLANG_ENABLE_MODULES = YES;
				CLANG_ENABLE_OBJC_ARC = YES;
				CLANG_ENABLE_OBJC_WEAK = YES;
				CLANG_WARN_BLOCK_CAPTURE_AUTORELEASING = YES;
				CLANG_WARN_BOOL_CONVERSION = YES;
				CLANG_WARN_COMMA = YES;
				CLANG_WARN_CONSTANT_CONVERSION = YES;
				CLANG_WARN_DEPRECATED_OBJC_IMPLEMENTATIONS = YES;
				CLANG_WARN_DIRECT_OBJC_ISA_USAGE = YES_ERROR;
				CLANG_WARN_DOCUMENTATION_COMMENTS = YES;
				CLANG_WARN_EMPTY_BODY = YES;
				CLANG_WARN_ENUM_CONVERSION = YES;
				CLANG_WARN_INFINITE_RECURSION = YES;
				CLANG_WARN_INT_CONVERSION = YES;
				CLANG_WARN_NON_LITERAL_NULL_CONVERSION = YES;
				CLANG_WARN_OBJC_IMPLICIT_RETAIN_SELF = YES;
				CLANG_WARN_OBJC_LITERAL_CONVERSION = YES;
				CLANG_WARN_OBJC_ROOT_CLASS = YES_ERROR;
				CLANG_WARN_QUOTED_INCLUDE_IN_FRAMEWORK_HEADER = YES;
				CLANG_WARN_RANGE_LOOP_ANALYSIS = YES;
				CLANG_WARN_STRICT_PROTOTYPES = YES;
				CLANG_WARN_SUSPICIOUS_MOVE = YES;
				CLANG_WARN_UNGUARDED_AVAILABILITY = YES_AGGRESSIVE;
				CLANG_WARN_UNREACHABLE_CODE = YES;
				CLANG_WARN__DUPLICATE_METHOD_MATCH = YES;
				COPY_PHASE_STRIP = NO;
				DEBUG_INFORMATION_FORMAT = dwarf;
				ENABLE_STRICT_OBJC_MSGSEND = YES;
				ENABLE_TESTABILITY = YES;
				GCC_C_LANGUAGE_STANDARD = gnu11;
				GCC_DYNAMIC_NO_PIC = NO;
				GCC_NO_COMMON_BLOCKS = YES;
				GCC_OPTIMIZATION_LEVEL = 0;
				GCC_PREPROCESSOR_DEFINITIONS = (
					"DEBUG=1",
					"$(inherited)",
				);
				GCC_WARN_64_TO_32_BIT_CONVERSION = YES;
				GCC_WARN_ABOUT_RETURN_TYPE = YES_ERROR;
				GCC_WARN_UNDECLARED_SELECTOR = YES;
				GCC_WARN_UNINITIALIZED_AUTOS = YES_AGGRESSIVE;
				GCC_WARN_UNUSED_FUNCTION = YES;
				GCC_WARN_UNUSED_VARIABLE = YES;
				IPHONEOS_DEPLOYMENT_TARGET = 16.2;
				MTL_ENABLE_DEBUG_INFO = INCLUDE_SOURCE;
				MTL_FAST_MATH = YES;
				ONLY_ACTIVE_ARCH = YES;
				SDKROOT = iphoneos;
				SWIFT_ACTIVE_COMPILATION_CONDITIONS = DEBUG;
				SWIFT_OPTIMIZATION_LEVEL = "-Onone";
			};
			name = Debug;
		};
		3F91A2072B9EB7F1003D87A6 /* Release */ = {
			isa = XCBuildConfiguration;
			buildSettings = {
				ALWAYS_SEARCH_USER_PATHS = NO;
				CLANG_ANALYZER_NONNULL = YES;
				CLANG_ANALYZER_NUMBER_OBJECT_CONVERSION = YES_AGGRESSIVE;
				CLANG_CXX_LANGUAGE_STANDARD = "gnu++20";
				CLANG_ENABLE_MODULES = YES;
				CLANG_ENABLE_OBJC_ARC = YES;
				CLANG_ENABLE_OBJC_WEAK = YES;
				CLANG_WARN_BLOCK_CAPTURE_AUTORELEASING = YES;
				CLANG_WARN_BOOL_CONVERSION = YES;
				CLANG_WARN_COMMA = YES;
				CLANG_WARN_CONSTANT_CONVERSION = YES;
				CLANG_WARN_DEPRECATED_OBJC_IMPLEMENTATIONS = YES;
				CLANG_WARN_DIRECT_OBJC_ISA_USAGE = YES_ERROR;
				CLANG_WARN_DOCUMENTATION_COMMENTS = YES;
				CLANG_WARN_EMPTY_BODY = YES;
				CLANG_WARN_ENUM_CONVERSION = YES;
				CLANG_WARN_INFINITE_RECURSION = YES;
				CLANG_WARN_INT_CONVERSION = YES;
				CLANG_WARN_NON_LITERAL_NULL_CONVERSION = YES;
				CLANG_WARN_OBJC_IMPLICIT_RETAIN_SELF = YES;
				CLANG_WARN_OBJC_LITERAL_CONVERSION = YES;
				CLANG_WARN_OBJC_ROOT_CLASS = YES_ERROR;
				CLANG_WARN_QUOTED_INCLUDE_IN_FRAMEWORK_HEADER = YES;
				CLANG_WARN_RANGE_LOOP_ANALYSIS = YES;
				CLANG_WARN_STRICT_PROTOTYPES = YES;
				CLANG_WARN_SUSPICIOUS_MOVE = YES;
				CLANG_WARN_UNGUARDED_AVAILABILITY = YES_AGGRESSIVE;
				CLANG_WARN_UNREACHABLE_CODE = YES;
				CLANG_WARN__DUPLICATE_METHOD_MATCH = YES;
				COPY_PHASE_STRIP = NO;
				DEBUG_INFORMATION_FORMAT = "dwarf-with-dsym";
				ENABLE_NS_ASSERTIONS = NO;
				ENABLE_STRICT_OBJC_MSGSEND = YES;
				GCC_C_LANGUAGE_STANDARD = gnu11;
				GCC_NO_COMMON_BLOCKS = YES;
				GCC_WARN_64_TO_32_BIT_CONVERSION = YES;
				GCC_WARN_ABOUT_RETURN_TYPE = YES_ERROR;
				GCC_WARN_UNDECLARED_SELECTOR = YES;
				GCC_WARN_UNINITIALIZED_AUTOS = YES_AGGRESSIVE;
				GCC_WARN_UNUSED_FUNCTION = YES;
				GCC_WARN_UNUSED_VARIABLE = YES;
				IPHONEOS_DEPLOYMENT_TARGET = 16.2;
				MTL_ENABLE_DEBUG_INFO = NO;
				MTL_FAST_MATH = YES;
				SDKROOT = iphoneos;
				SWIFT_COMPILATION_MODE = wholemodule;
				SWIFT_OPTIMIZATION_LEVEL = "-O";
				VALIDATE_PRODUCT = YES;
			};
			name = Release;
		};
		3F91A2092B9EB7F1003D87A6 /* Debug */ = {
			isa = XCBuildConfiguration;
			buildSettings = {
				ASSETCATALOG_COMPILER_APPICON_NAME = AppIcon;
				ASSETCATALOG_COMPILER_GLOBAL_ACCENT_COLOR_NAME = AccentColor;
				CODE_SIGN_STYLE = Automatic;
				CURRENT_PROJECT_VERSION = 1;
				DEVELOPMENT_TEAM = 47X7TKJ478;
				GENERATE_INFOPLIST_FILE = YES;
				INFOPLIST_FILE = TheAlienThatEatsTheCarrot/Info.plist;
				INFOPLIST_KEY_UIApplicationSupportsIndirectInputEvents = YES;
				INFOPLIST_KEY_UILaunchStoryboardName = LaunchScreen;
				INFOPLIST_KEY_UIMainStoryboardFile = Main;
				INFOPLIST_KEY_UISupportedInterfaceOrientations = "UIInterfaceOrientationLandscapeLeft UIInterfaceOrientationLandscapeRight UIInterfaceOrientationPortrait";
				INFOPLIST_KEY_UISupportedInterfaceOrientations_iPad = "UIInterfaceOrientationLandscapeLeft UIInterfaceOrientationLandscapeRight";
				LD_RUNPATH_SEARCH_PATHS = (
					"$(inherited)",
					"@executable_path/Frameworks",
				);
				MARKETING_VERSION = 1.0;
				PRODUCT_BUNDLE_IDENTIFIER = esa.TheAlienThatEatsTheCarrot;
				PRODUCT_NAME = "$(TARGET_NAME)";
				SUPPORTED_PLATFORMS = "iphoneos iphonesimulator";
				SUPPORTS_MACCATALYST = NO;
				SUPPORTS_MAC_DESIGNED_FOR_IPHONE_IPAD = NO;
				SWIFT_EMIT_LOC_STRINGS = YES;
				SWIFT_VERSION = 5.0;
				TARGETED_DEVICE_FAMILY = 2;
			};
			name = Debug;
		};
		3F91A20A2B9EB7F1003D87A6 /* Release */ = {
			isa = XCBuildConfiguration;
			buildSettings = {
				ASSETCATALOG_COMPILER_APPICON_NAME = AppIcon;
				ASSETCATALOG_COMPILER_GLOBAL_ACCENT_COLOR_NAME = AccentColor;
				CODE_SIGN_STYLE = Automatic;
				CURRENT_PROJECT_VERSION = 1;
				DEVELOPMENT_TEAM = 47X7TKJ478;
				GENERATE_INFOPLIST_FILE = YES;
				INFOPLIST_FILE = TheAlienThatEatsTheCarrot/Info.plist;
				INFOPLIST_KEY_UIApplicationSupportsIndirectInputEvents = YES;
				INFOPLIST_KEY_UILaunchStoryboardName = LaunchScreen;
				INFOPLIST_KEY_UIMainStoryboardFile = Main;
				INFOPLIST_KEY_UISupportedInterfaceOrientations = "UIInterfaceOrientationLandscapeLeft UIInterfaceOrientationLandscapeRight UIInterfaceOrientationPortrait";
				INFOPLIST_KEY_UISupportedInterfaceOrientations_iPad = "UIInterfaceOrientationLandscapeLeft UIInterfaceOrientationLandscapeRight";
				LD_RUNPATH_SEARCH_PATHS = (
					"$(inherited)",
					"@executable_path/Frameworks",
				);
				MARKETING_VERSION = 1.0;
				PRODUCT_BUNDLE_IDENTIFIER = esa.TheAlienThatEatsTheCarrot;
				PRODUCT_NAME = "$(TARGET_NAME)";
				SUPPORTED_PLATFORMS = "iphoneos iphonesimulator";
				SUPPORTS_MACCATALYST = NO;
				SUPPORTS_MAC_DESIGNED_FOR_IPHONE_IPAD = NO;
				SWIFT_EMIT_LOC_STRINGS = YES;
				SWIFT_VERSION = 5.0;
				TARGETED_DEVICE_FAMILY = 2;
			};
			name = Release;
		};
		3F91A20C2B9EB7F1003D87A6 /* Debug */ = {
			isa = XCBuildConfiguration;
			buildSettings = {
				ALWAYS_EMBED_SWIFT_STANDARD_LIBRARIES = YES;
				BUNDLE_LOADER = "$(TEST_HOST)";
				CODE_SIGN_STYLE = Automatic;
				CURRENT_PROJECT_VERSION = 1;
				DEVELOPMENT_TEAM = 47X7TKJ478;
				GENERATE_INFOPLIST_FILE = YES;
				IPHONEOS_DEPLOYMENT_TARGET = 16.2;
				MARKETING_VERSION = 1.0;
				PRODUCT_BUNDLE_IDENTIFIER = esa.TheAlienThatEatsTheCarrotTests;
				PRODUCT_NAME = "$(TARGET_NAME)";
				SWIFT_EMIT_LOC_STRINGS = NO;
				SWIFT_VERSION = 5.0;
				TARGETED_DEVICE_FAMILY = "1,2";
				TEST_HOST = "$(BUILT_PRODUCTS_DIR)/TheAlienThatEatsTheCarrot.app/$(BUNDLE_EXECUTABLE_FOLDER_PATH)/TheAlienThatEatsTheCarrot";
			};
			name = Debug;
		};
		3F91A20D2B9EB7F1003D87A6 /* Release */ = {
			isa = XCBuildConfiguration;
			buildSettings = {
				ALWAYS_EMBED_SWIFT_STANDARD_LIBRARIES = YES;
				BUNDLE_LOADER = "$(TEST_HOST)";
				CODE_SIGN_STYLE = Automatic;
				CURRENT_PROJECT_VERSION = 1;
				DEVELOPMENT_TEAM = 47X7TKJ478;
				GENERATE_INFOPLIST_FILE = YES;
				IPHONEOS_DEPLOYMENT_TARGET = 16.2;
				MARKETING_VERSION = 1.0;
				PRODUCT_BUNDLE_IDENTIFIER = esa.TheAlienThatEatsTheCarrotTests;
				PRODUCT_NAME = "$(TARGET_NAME)";
				SWIFT_EMIT_LOC_STRINGS = NO;
				SWIFT_VERSION = 5.0;
				TARGETED_DEVICE_FAMILY = "1,2";
				TEST_HOST = "$(BUILT_PRODUCTS_DIR)/TheAlienThatEatsTheCarrot.app/$(BUNDLE_EXECUTABLE_FOLDER_PATH)/TheAlienThatEatsTheCarrot";
			};
			name = Release;
		};
		3F91A20F2B9EB7F1003D87A6 /* Debug */ = {
			isa = XCBuildConfiguration;
			buildSettings = {
				ALWAYS_EMBED_SWIFT_STANDARD_LIBRARIES = YES;
				CODE_SIGN_STYLE = Automatic;
				CURRENT_PROJECT_VERSION = 1;
				DEVELOPMENT_TEAM = 47X7TKJ478;
				GENERATE_INFOPLIST_FILE = YES;
				MARKETING_VERSION = 1.0;
				PRODUCT_BUNDLE_IDENTIFIER = esa.TheAlienThatEatsTheCarrotUITests;
				PRODUCT_NAME = "$(TARGET_NAME)";
				SWIFT_EMIT_LOC_STRINGS = NO;
				SWIFT_VERSION = 5.0;
				TARGETED_DEVICE_FAMILY = "1,2";
				TEST_TARGET_NAME = TheAlienThatEatsTheCarrot;
			};
			name = Debug;
		};
		3F91A2102B9EB7F1003D87A6 /* Release */ = {
			isa = XCBuildConfiguration;
			buildSettings = {
				ALWAYS_EMBED_SWIFT_STANDARD_LIBRARIES = YES;
				CODE_SIGN_STYLE = Automatic;
				CURRENT_PROJECT_VERSION = 1;
				DEVELOPMENT_TEAM = 47X7TKJ478;
				GENERATE_INFOPLIST_FILE = YES;
				MARKETING_VERSION = 1.0;
				PRODUCT_BUNDLE_IDENTIFIER = esa.TheAlienThatEatsTheCarrotUITests;
				PRODUCT_NAME = "$(TARGET_NAME)";
				SWIFT_EMIT_LOC_STRINGS = NO;
				SWIFT_VERSION = 5.0;
				TARGETED_DEVICE_FAMILY = "1,2";
				TEST_TARGET_NAME = TheAlienThatEatsTheCarrot;
			};
			name = Release;
		};
/* End XCBuildConfiguration section */

/* Begin XCConfigurationList section */
		3F91A1D92B9EB7F0003D87A6 /* Build configuration list for PBXProject "TheAlienThatEatsTheCarrot" */ = {
			isa = XCConfigurationList;
			buildConfigurations = (
				3F91A2062B9EB7F1003D87A6 /* Debug */,
				3F91A2072B9EB7F1003D87A6 /* Release */,
			);
			defaultConfigurationIsVisible = 0;
			defaultConfigurationName = Release;
		};
		3F91A2082B9EB7F1003D87A6 /* Build configuration list for PBXNativeTarget "TheAlienThatEatsTheCarrot" */ = {
			isa = XCConfigurationList;
			buildConfigurations = (
				3F91A2092B9EB7F1003D87A6 /* Debug */,
				3F91A20A2B9EB7F1003D87A6 /* Release */,
			);
			defaultConfigurationIsVisible = 0;
			defaultConfigurationName = Release;
		};
		3F91A20B2B9EB7F1003D87A6 /* Build configuration list for PBXNativeTarget "TheAlienThatEatsTheCarrotTests" */ = {
			isa = XCConfigurationList;
			buildConfigurations = (
				3F91A20C2B9EB7F1003D87A6 /* Debug */,
				3F91A20D2B9EB7F1003D87A6 /* Release */,
			);
			defaultConfigurationIsVisible = 0;
			defaultConfigurationName = Release;
		};
		3F91A20E2B9EB7F1003D87A6 /* Build configuration list for PBXNativeTarget "TheAlienThatEatsTheCarrotUITests" */ = {
			isa = XCConfigurationList;
			buildConfigurations = (
				3F91A20F2B9EB7F1003D87A6 /* Debug */,
				3F91A2102B9EB7F1003D87A6 /* Release */,
			);
			defaultConfigurationIsVisible = 0;
			defaultConfigurationName = Release;
		};
/* End XCConfigurationList section */
	};
	rootObject = 3F91A1D62B9EB7F0003D87A6 /* Project object */;
}
