// !$*UTF8*$!
{
	archiveVersion = 1;
	classes = {
	};
	objectVersion = 56;
	objects = {

/* Begin PBXBuildFile section */
		0A5BC7712BA4060400A4BC34 /* Sample.swift in Sources */ = {isa = PBXBuildFile; fileRef = 0A5BC7702BA4060400A4BC34 /* Sample.swift */; };
		0A5BC7732BA4077400A4BC34 /* Nexus+Extensions.swift in Sources */ = {isa = PBXBuildFile; fileRef = 0A5BC7722BA4077400A4BC34 /* Nexus+Extensions.swift */; };
		0A5BC7752BA407C000A4BC34 /* PlayerComponent.swift in Sources */ = {isa = PBXBuildFile; fileRef = 0A5BC7742BA407C000A4BC34 /* PlayerComponent.swift */; };
		0A5BC7772BA4093A00A4BC34 /* MovableComponent.swift in Sources */ = {isa = PBXBuildFile; fileRef = 0A5BC7762BA4093A00A4BC34 /* MovableComponent.swift */; };
		0A5BC77A2BA409D100A4BC34 /* Direction.swift in Sources */ = {isa = PBXBuildFile; fileRef = 0A5BC7792BA409D100A4BC34 /* Direction.swift */; };
		0A5BC77D2BA40BA500A4BC34 /* MovementSystem.swift in Sources */ = {isa = PBXBuildFile; fileRef = 0A5BC77C2BA40BA500A4BC34 /* MovementSystem.swift */; };
		0A5BC77F2BA40C7E00A4BC34 /* PositionalComponent.swift in Sources */ = {isa = PBXBuildFile; fileRef = 0A5BC77E2BA40C7E00A4BC34 /* PositionalComponent.swift */; };
		0A5BC7822BA4142300A4BC34 /* GameRenderer.swift in Sources */ = {isa = PBXBuildFile; fileRef = 0A5BC7812BA4142300A4BC34 /* GameRenderer.swift */; };
		0A5BC7882BA43CF300A4BC34 /* ObjectType.swift in Sources */ = {isa = PBXBuildFile; fileRef = 0A5BC7872BA43CF300A4BC34 /* ObjectType.swift */; };
		0AD891112B9EF3080073F479 /* GameEngine.swift in Sources */ = {isa = PBXBuildFile; fileRef = 0AD891102B9EF3080073F479 /* GameEngine.swift */; };
		0AD891152B9EF32C0073F479 /* Component.swift in Sources */ = {isa = PBXBuildFile; fileRef = 0AD891142B9EF32C0073F479 /* Component.swift */; };
		0AD891172B9EF3550073F479 /* Entity.swift in Sources */ = {isa = PBXBuildFile; fileRef = 0AD891162B9EF3550073F479 /* Entity.swift */; };
		0AD891192B9EF4730073F479 /* ComponentIdentifier.swift in Sources */ = {isa = PBXBuildFile; fileRef = 0AD891182B9EF4730073F479 /* ComponentIdentifier.swift */; };
		0AD8911B2B9EF4A80073F479 /* Nexus.swift in Sources */ = {isa = PBXBuildFile; fileRef = 0AD8911A2B9EF4A80073F479 /* Nexus.swift */; };
		0AD8911E2B9EFEFC0073F479 /* DestroyableComponent.swift in Sources */ = {isa = PBXBuildFile; fileRef = 0AD8911D2B9EFEFC0073F479 /* DestroyableComponent.swift */; };
		0AD891222B9F04070073F479 /* GameViewModel.swift in Sources */ = {isa = PBXBuildFile; fileRef = 0AD891212B9F04070073F479 /* GameViewModel.swift */; };
		0AD891242B9F040E0073F479 /* LevelDesignerViewModel.swift in Sources */ = {isa = PBXBuildFile; fileRef = 0AD891232B9F040E0073F479 /* LevelDesignerViewModel.swift */; };
		1C8D57652B9EF6DC007A8CA8 /* System.swift in Sources */ = {isa = PBXBuildFile; fileRef = 1C8D57642B9EF6DC007A8CA8 /* System.swift */; };
		3F91A1E22B9EB7F0003D87A6 /* AppDelegate.swift in Sources */ = {isa = PBXBuildFile; fileRef = 3F91A1E12B9EB7F0003D87A6 /* AppDelegate.swift */; };
		3F91A1E42B9EB7F0003D87A6 /* SceneDelegate.swift in Sources */ = {isa = PBXBuildFile; fileRef = 3F91A1E32B9EB7F0003D87A6 /* SceneDelegate.swift */; };
		3F91A1E62B9EB7F0003D87A6 /* ViewController.swift in Sources */ = {isa = PBXBuildFile; fileRef = 3F91A1E52B9EB7F0003D87A6 /* ViewController.swift */; };
		3F91A1E92B9EB7F0003D87A6 /* Main.storyboard in Resources */ = {isa = PBXBuildFile; fileRef = 3F91A1E72B9EB7F0003D87A6 /* Main.storyboard */; };
		3F91A1EB2B9EB7F1003D87A6 /* Assets.xcassets in Resources */ = {isa = PBXBuildFile; fileRef = 3F91A1EA2B9EB7F1003D87A6 /* Assets.xcassets */; };
		3F91A1EE2B9EB7F1003D87A6 /* LaunchScreen.storyboard in Resources */ = {isa = PBXBuildFile; fileRef = 3F91A1EC2B9EB7F1003D87A6 /* LaunchScreen.storyboard */; };
		3F91A1F92B9EB7F1003D87A6 /* TheAlienThatEatsTheCarrotTests.swift in Sources */ = {isa = PBXBuildFile; fileRef = 3F91A1F82B9EB7F1003D87A6 /* TheAlienThatEatsTheCarrotTests.swift */; };
		3F91A2032B9EB7F1003D87A6 /* TheAlienThatEatsTheCarrotUITests.swift in Sources */ = {isa = PBXBuildFile; fileRef = 3F91A2022B9EB7F1003D87A6 /* TheAlienThatEatsTheCarrotUITests.swift */; };
		3F91A2052B9EB7F1003D87A6 /* TheAlienThatEatsTheCarrotUITestsLaunchTests.swift in Sources */ = {isa = PBXBuildFile; fileRef = 3F91A2042B9EB7F1003D87A6 /* TheAlienThatEatsTheCarrotUITestsLaunchTests.swift */; };
		9F843C7C2BA0740B002518FC /* Enemy.swift in Sources */ = {isa = PBXBuildFile; fileRef = 9F843C7B2BA0740B002518FC /* Enemy.swift */; };
		9F843C902BA07C36002518FC /* StrengthPowerup.swift in Sources */ = {isa = PBXBuildFile; fileRef = 9F843C8F2BA07C36002518FC /* StrengthPowerup.swift */; };
		9F843CA32BA0803D002518FC /* Carrot.swift in Sources */ = {isa = PBXBuildFile; fileRef = 9F843CA22BA0803D002518FC /* Carrot.swift */; };
		9F8C0B9E2BA2C71E000AAC17 /* Block.swift in Sources */ = {isa = PBXBuildFile; fileRef = 9F843C752BA070D2002518FC /* Block.swift */; };
		9F9DB2C72BA2A59800CB5CEA /* PhysicsConstants.swift in Sources */ = {isa = PBXBuildFile; fileRef = 9F9DB2C62BA2A59800CB5CEA /* PhysicsConstants.swift */; };
		9F9DB2C92BA2A5CE00CB5CEA /* PhysicsBody.swift in Sources */ = {isa = PBXBuildFile; fileRef = 9F9DB2C82BA2A5CE00CB5CEA /* PhysicsBody.swift */; };
		9F9DB2CB2BA2A5F700CB5CEA /* Shape.swift in Sources */ = {isa = PBXBuildFile; fileRef = 9F9DB2CA2BA2A5F700CB5CEA /* Shape.swift */; };
		9F9DB2CD2BA2B6A700CB5CEA /* Collider.swift in Sources */ = {isa = PBXBuildFile; fileRef = 9F9DB2CC2BA2B6A700CB5CEA /* Collider.swift */; };
		9F9DB2CF2BA2B6C600CB5CEA /* CollisionPoints.swift in Sources */ = {isa = PBXBuildFile; fileRef = 9F9DB2CE2BA2B6C600CB5CEA /* CollisionPoints.swift */; };
		9F9DB2D12BA2B71700CB5CEA /* Collision.swift in Sources */ = {isa = PBXBuildFile; fileRef = 9F9DB2D02BA2B71700CB5CEA /* Collision.swift */; };
		9F9DB2D32BA2B74600CB5CEA /* CircleCollider.swift in Sources */ = {isa = PBXBuildFile; fileRef = 9F9DB2D22BA2B74600CB5CEA /* CircleCollider.swift */; };
		9F9DB2D52BA2B75300CB5CEA /* RectangleCollider.swift in Sources */ = {isa = PBXBuildFile; fileRef = 9F9DB2D42BA2B75300CB5CEA /* RectangleCollider.swift */; };
/* End PBXBuildFile section */

/* Begin PBXContainerItemProxy section */
		3F91A1F52B9EB7F1003D87A6 /* PBXContainerItemProxy */ = {
			isa = PBXContainerItemProxy;
			containerPortal = 3F91A1D62B9EB7F0003D87A6 /* Project object */;
			proxyType = 1;
			remoteGlobalIDString = 3F91A1DD2B9EB7F0003D87A6;
			remoteInfo = TheAlienThatEatsTheCarrot;
		};
		3F91A1FF2B9EB7F1003D87A6 /* PBXContainerItemProxy */ = {
			isa = PBXContainerItemProxy;
			containerPortal = 3F91A1D62B9EB7F0003D87A6 /* Project object */;
			proxyType = 1;
			remoteGlobalIDString = 3F91A1DD2B9EB7F0003D87A6;
			remoteInfo = TheAlienThatEatsTheCarrot;
		};
/* End PBXContainerItemProxy section */

/* Begin PBXFileReference section */
		0A5BC7702BA4060400A4BC34 /* Sample.swift */ = {isa = PBXFileReference; lastKnownFileType = sourcecode.swift; path = Sample.swift; sourceTree = "<group>"; };
		0A5BC7722BA4077400A4BC34 /* Nexus+Extensions.swift */ = {isa = PBXFileReference; lastKnownFileType = sourcecode.swift; path = "Nexus+Extensions.swift"; sourceTree = "<group>"; };
		0A5BC7742BA407C000A4BC34 /* PlayerComponent.swift */ = {isa = PBXFileReference; lastKnownFileType = sourcecode.swift; path = PlayerComponent.swift; sourceTree = "<group>"; };
		0A5BC7762BA4093A00A4BC34 /* MovableComponent.swift */ = {isa = PBXFileReference; lastKnownFileType = sourcecode.swift; path = MovableComponent.swift; sourceTree = "<group>"; };
		0A5BC7792BA409D100A4BC34 /* Direction.swift */ = {isa = PBXFileReference; lastKnownFileType = sourcecode.swift; path = Direction.swift; sourceTree = "<group>"; };
		0A5BC77C2BA40BA500A4BC34 /* MovementSystem.swift */ = {isa = PBXFileReference; lastKnownFileType = sourcecode.swift; path = MovementSystem.swift; sourceTree = "<group>"; };
		0A5BC77E2BA40C7E00A4BC34 /* PositionalComponent.swift */ = {isa = PBXFileReference; lastKnownFileType = sourcecode.swift; path = PositionalComponent.swift; sourceTree = "<group>"; };
		0A5BC7812BA4142300A4BC34 /* GameRenderer.swift */ = {isa = PBXFileReference; lastKnownFileType = sourcecode.swift; path = GameRenderer.swift; sourceTree = "<group>"; };
		0A5BC7872BA43CF300A4BC34 /* ObjectType.swift */ = {isa = PBXFileReference; lastKnownFileType = sourcecode.swift; path = ObjectType.swift; sourceTree = "<group>"; };
		0AD891102B9EF3080073F479 /* GameEngine.swift */ = {isa = PBXFileReference; lastKnownFileType = sourcecode.swift; path = GameEngine.swift; sourceTree = "<group>"; };
		0AD891142B9EF32C0073F479 /* Component.swift */ = {isa = PBXFileReference; lastKnownFileType = sourcecode.swift; path = Component.swift; sourceTree = "<group>"; };
		0AD891162B9EF3550073F479 /* Entity.swift */ = {isa = PBXFileReference; lastKnownFileType = sourcecode.swift; path = Entity.swift; sourceTree = "<group>"; };
		0AD891182B9EF4730073F479 /* ComponentIdentifier.swift */ = {isa = PBXFileReference; lastKnownFileType = sourcecode.swift; path = ComponentIdentifier.swift; sourceTree = "<group>"; };
		0AD8911A2B9EF4A80073F479 /* Nexus.swift */ = {isa = PBXFileReference; lastKnownFileType = sourcecode.swift; path = Nexus.swift; sourceTree = "<group>"; };
		0AD8911D2B9EFEFC0073F479 /* DestroyableComponent.swift */ = {isa = PBXFileReference; lastKnownFileType = sourcecode.swift; path = DestroyableComponent.swift; sourceTree = "<group>"; };
		0AD891212B9F04070073F479 /* GameViewModel.swift */ = {isa = PBXFileReference; lastKnownFileType = sourcecode.swift; path = GameViewModel.swift; sourceTree = "<group>"; };
		0AD891232B9F040E0073F479 /* LevelDesignerViewModel.swift */ = {isa = PBXFileReference; lastKnownFileType = sourcecode.swift; path = LevelDesignerViewModel.swift; sourceTree = "<group>"; };
		1C8D57642B9EF6DC007A8CA8 /* System.swift */ = {isa = PBXFileReference; lastKnownFileType = sourcecode.swift; path = System.swift; sourceTree = "<group>"; };
		3F91A1DE2B9EB7F0003D87A6 /* TheAlienThatEatsTheCarrot.app */ = {isa = PBXFileReference; explicitFileType = wrapper.application; includeInIndex = 0; path = TheAlienThatEatsTheCarrot.app; sourceTree = BUILT_PRODUCTS_DIR; };
		3F91A1E12B9EB7F0003D87A6 /* AppDelegate.swift */ = {isa = PBXFileReference; lastKnownFileType = sourcecode.swift; path = AppDelegate.swift; sourceTree = "<group>"; };
		3F91A1E32B9EB7F0003D87A6 /* SceneDelegate.swift */ = {isa = PBXFileReference; lastKnownFileType = sourcecode.swift; path = SceneDelegate.swift; sourceTree = "<group>"; };
		3F91A1E52B9EB7F0003D87A6 /* ViewController.swift */ = {isa = PBXFileReference; lastKnownFileType = sourcecode.swift; path = ViewController.swift; sourceTree = "<group>"; };
		3F91A1E82B9EB7F0003D87A6 /* Base */ = {isa = PBXFileReference; lastKnownFileType = file.storyboard; name = Base; path = Base.lproj/Main.storyboard; sourceTree = "<group>"; };
		3F91A1EA2B9EB7F1003D87A6 /* Assets.xcassets */ = {isa = PBXFileReference; lastKnownFileType = folder.assetcatalog; path = Assets.xcassets; sourceTree = "<group>"; };
		3F91A1ED2B9EB7F1003D87A6 /* Base */ = {isa = PBXFileReference; lastKnownFileType = file.storyboard; name = Base; path = Base.lproj/LaunchScreen.storyboard; sourceTree = "<group>"; };
		3F91A1EF2B9EB7F1003D87A6 /* Info.plist */ = {isa = PBXFileReference; lastKnownFileType = text.plist.xml; path = Info.plist; sourceTree = "<group>"; };
		3F91A1F42B9EB7F1003D87A6 /* TheAlienThatEatsTheCarrotTests.xctest */ = {isa = PBXFileReference; explicitFileType = wrapper.cfbundle; includeInIndex = 0; path = TheAlienThatEatsTheCarrotTests.xctest; sourceTree = BUILT_PRODUCTS_DIR; };
		3F91A1F82B9EB7F1003D87A6 /* TheAlienThatEatsTheCarrotTests.swift */ = {isa = PBXFileReference; lastKnownFileType = sourcecode.swift; path = TheAlienThatEatsTheCarrotTests.swift; sourceTree = "<group>"; };
		3F91A1FE2B9EB7F1003D87A6 /* TheAlienThatEatsTheCarrotUITests.xctest */ = {isa = PBXFileReference; explicitFileType = wrapper.cfbundle; includeInIndex = 0; path = TheAlienThatEatsTheCarrotUITests.xctest; sourceTree = BUILT_PRODUCTS_DIR; };
		3F91A2022B9EB7F1003D87A6 /* TheAlienThatEatsTheCarrotUITests.swift */ = {isa = PBXFileReference; lastKnownFileType = sourcecode.swift; path = TheAlienThatEatsTheCarrotUITests.swift; sourceTree = "<group>"; };
		3F91A2042B9EB7F1003D87A6 /* TheAlienThatEatsTheCarrotUITestsLaunchTests.swift */ = {isa = PBXFileReference; lastKnownFileType = sourcecode.swift; path = TheAlienThatEatsTheCarrotUITestsLaunchTests.swift; sourceTree = "<group>"; };
		9F843C682BA0500F002518FC /* BoardObject.swift */ = {isa = PBXFileReference; lastKnownFileType = sourcecode.swift; path = BoardObject.swift; sourceTree = "<group>"; };
		9F843C6B2BA05DFF002518FC /* CGPoint+extensions.swift */ = {isa = PBXFileReference; lastKnownFileType = sourcecode.swift; path = "CGPoint+extensions.swift"; sourceTree = "<group>"; };
		9F843C6D2BA0616B002518FC /* CGVector+extension.swift */ = {isa = PBXFileReference; lastKnownFileType = sourcecode.swift; path = "CGVector+extension.swift"; sourceTree = "<group>"; };
		9F843C6F2BA062DD002518FC /* CGFloat+extension.swift */ = {isa = PBXFileReference; lastKnownFileType = sourcecode.swift; path = "CGFloat+extension.swift"; sourceTree = "<group>"; };
		9F843C712BA06EC0002518FC /* Character.swift */ = {isa = PBXFileReference; lastKnownFileType = sourcecode.swift; path = Character.swift; sourceTree = "<group>"; };
		9F843C752BA070D2002518FC /* Block.swift */ = {isa = PBXFileReference; lastKnownFileType = sourcecode.swift; path = Block.swift; sourceTree = "<group>"; };
		9F843C792BA07388002518FC /* NormalEnemy.swift */ = {isa = PBXFileReference; lastKnownFileType = sourcecode.swift; path = NormalEnemy.swift; sourceTree = "<group>"; };
		9F843C7B2BA0740B002518FC /* Enemy.swift */ = {isa = PBXFileReference; lastKnownFileType = sourcecode.swift; path = Enemy.swift; sourceTree = "<group>"; };
		9F843C7D2BA07480002518FC /* NormalCharacter.swift */ = {isa = PBXFileReference; fileEncoding = 4; lastKnownFileType = sourcecode.swift; path = NormalCharacter.swift; sourceTree = "<group>"; };
		9F843C7F2BA074FD002518FC /* NormalBlock.swift */ = {isa = PBXFileReference; lastKnownFileType = sourcecode.swift; path = NormalBlock.swift; sourceTree = "<group>"; };
		9F843C812BA07953002518FC /* GroundBlock.swift */ = {isa = PBXFileReference; lastKnownFileType = sourcecode.swift; path = GroundBlock.swift; sourceTree = "<group>"; };
		9F843C832BA079D3002518FC /* SpikeBlock.swift */ = {isa = PBXFileReference; lastKnownFileType = sourcecode.swift; path = SpikeBlock.swift; sourceTree = "<group>"; };
		9F843C852BA079F5002518FC /* BreakableBlock.swift */ = {isa = PBXFileReference; lastKnownFileType = sourcecode.swift; path = BreakableBlock.swift; sourceTree = "<group>"; };
		9F843C8A2BA07A61002518FC /* PowerupBlock.swift */ = {isa = PBXFileReference; lastKnownFileType = sourcecode.swift; path = PowerupBlock.swift; sourceTree = "<group>"; };
		9F843C8D2BA07A8E002518FC /* Powerup.swift */ = {isa = PBXFileReference; lastKnownFileType = sourcecode.swift; path = Powerup.swift; sourceTree = "<group>"; };
		9F843C8F2BA07C36002518FC /* StrengthPowerup.swift */ = {isa = PBXFileReference; lastKnownFileType = sourcecode.swift; path = StrengthPowerup.swift; sourceTree = "<group>"; };
		9F843C912BA07D0E002518FC /* FastEnemy.swift */ = {isa = PBXFileReference; lastKnownFileType = sourcecode.swift; path = FastEnemy.swift; sourceTree = "<group>"; };
		9F843C932BA07D55002518FC /* StationaryEnemy.swift */ = {isa = PBXFileReference; lastKnownFileType = sourcecode.swift; path = StationaryEnemy.swift; sourceTree = "<group>"; };
		9F843C952BA07D90002518FC /* TurretEnemy.swift */ = {isa = PBXFileReference; lastKnownFileType = sourcecode.swift; path = TurretEnemy.swift; sourceTree = "<group>"; };
		9F843C972BA07E11002518FC /* InvinciblePowerup.swift */ = {isa = PBXFileReference; lastKnownFileType = sourcecode.swift; path = InvinciblePowerup.swift; sourceTree = "<group>"; };
		9F843C992BA07E9D002518FC /* AttackPowerup.swift */ = {isa = PBXFileReference; lastKnownFileType = sourcecode.swift; path = AttackPowerup.swift; sourceTree = "<group>"; };
		9F843C9B2BA07EE4002518FC /* DoubleJumpPowerup.swift */ = {isa = PBXFileReference; lastKnownFileType = sourcecode.swift; path = DoubleJumpPowerup.swift; sourceTree = "<group>"; };
		9F843C9E2BA07F86002518FC /* Collectable.swift */ = {isa = PBXFileReference; lastKnownFileType = sourcecode.swift; path = Collectable.swift; sourceTree = "<group>"; };
		9F843CA02BA07FEB002518FC /* Coin.swift */ = {isa = PBXFileReference; lastKnownFileType = sourcecode.swift; path = Coin.swift; sourceTree = "<group>"; };
		9F843CA22BA0803D002518FC /* Carrot.swift */ = {isa = PBXFileReference; lastKnownFileType = sourcecode.swift; path = Carrot.swift; sourceTree = "<group>"; };
		9F843CA42BA0806C002518FC /* Heart.swift */ = {isa = PBXFileReference; lastKnownFileType = sourcecode.swift; path = Heart.swift; sourceTree = "<group>"; };
		9F843CA62BA080BC002518FC /* PushableBlock.swift */ = {isa = PBXFileReference; lastKnownFileType = sourcecode.swift; path = PushableBlock.swift; sourceTree = "<group>"; };
		9F9DB2C62BA2A59800CB5CEA /* PhysicsConstants.swift */ = {isa = PBXFileReference; lastKnownFileType = sourcecode.swift; path = PhysicsConstants.swift; sourceTree = "<group>"; };
		9F9DB2C82BA2A5CE00CB5CEA /* PhysicsBody.swift */ = {isa = PBXFileReference; lastKnownFileType = sourcecode.swift; path = PhysicsBody.swift; sourceTree = "<group>"; };
		9F9DB2CA2BA2A5F700CB5CEA /* Shape.swift */ = {isa = PBXFileReference; lastKnownFileType = sourcecode.swift; path = Shape.swift; sourceTree = "<group>"; };
		9F9DB2CC2BA2B6A700CB5CEA /* Collider.swift */ = {isa = PBXFileReference; lastKnownFileType = sourcecode.swift; path = Collider.swift; sourceTree = "<group>"; };
		9F9DB2CE2BA2B6C600CB5CEA /* CollisionPoints.swift */ = {isa = PBXFileReference; lastKnownFileType = sourcecode.swift; path = CollisionPoints.swift; sourceTree = "<group>"; };
		9F9DB2D02BA2B71700CB5CEA /* Collision.swift */ = {isa = PBXFileReference; lastKnownFileType = sourcecode.swift; path = Collision.swift; sourceTree = "<group>"; };
		9F9DB2D22BA2B74600CB5CEA /* CircleCollider.swift */ = {isa = PBXFileReference; lastKnownFileType = sourcecode.swift; path = CircleCollider.swift; sourceTree = "<group>"; };
		9F9DB2D42BA2B75300CB5CEA /* RectangleCollider.swift */ = {isa = PBXFileReference; lastKnownFileType = sourcecode.swift; path = RectangleCollider.swift; sourceTree = "<group>"; };
/* End PBXFileReference section */

/* Begin PBXFrameworksBuildPhase section */
		3F91A1DB2B9EB7F0003D87A6 /* Frameworks */ = {
			isa = PBXFrameworksBuildPhase;
			buildActionMask = 2147483647;
			files = (
			);
			runOnlyForDeploymentPostprocessing = 0;
		};
		3F91A1F12B9EB7F1003D87A6 /* Frameworks */ = {
			isa = PBXFrameworksBuildPhase;
			buildActionMask = 2147483647;
			files = (
			);
			runOnlyForDeploymentPostprocessing = 0;
		};
		3F91A1FB2B9EB7F1003D87A6 /* Frameworks */ = {
			isa = PBXFrameworksBuildPhase;
			buildActionMask = 2147483647;
			files = (
			);
			runOnlyForDeploymentPostprocessing = 0;
		};
/* End PBXFrameworksBuildPhase section */

/* Begin PBXGroup section */
		0A5BC7782BA409A500A4BC34 /* Utilities */ = {
			isa = PBXGroup;
			children = (
				0A5BC7792BA409D100A4BC34 /* Direction.swift */,
			);
			path = Utilities;
			sourceTree = "<group>";
		};
		0A5BC77B2BA40B9200A4BC34 /* GameSystems */ = {
			isa = PBXGroup;
			children = (
				0A5BC77C2BA40BA500A4BC34 /* MovementSystem.swift */,
			);
			path = GameSystems;
			sourceTree = "<group>";
		};
		0A5BC7802BA4140B00A4BC34 /* GameRenderer */ = {
			isa = PBXGroup;
			children = (
				0A5BC7812BA4142300A4BC34 /* GameRenderer.swift */,
			);
			path = GameRenderer;
			sourceTree = "<group>";
		};
		0AD8910F2B9EF2F20073F479 /* GameEngine */ = {
			isa = PBXGroup;
			children = (
				0A5BC7782BA409A500A4BC34 /* Utilities */,
				1C8D57632B9EF6C1007A8CA8 /* Systems */,
				0AD891132B9EF3210073F479 /* Components */,
				0AD891122B9EF3190073F479 /* Entities */,
				0AD891102B9EF3080073F479 /* GameEngine.swift */,
			);
			path = GameEngine;
			sourceTree = "<group>";
		};
		0AD891122B9EF3190073F479 /* Entities */ = {
			isa = PBXGroup;
			children = (
				0AD891162B9EF3550073F479 /* Entity.swift */,
				0AD8911A2B9EF4A80073F479 /* Nexus.swift */,
				0A5BC7722BA4077400A4BC34 /* Nexus+Extensions.swift */,
			);
			path = Entities;
			sourceTree = "<group>";
		};
		0AD891132B9EF3210073F479 /* Components */ = {
			isa = PBXGroup;
			children = (
				0AD8911C2B9EFE010073F479 /* GameComponents */,
				0AD891142B9EF32C0073F479 /* Component.swift */,
				0AD891182B9EF4730073F479 /* ComponentIdentifier.swift */,
			);
			path = Components;
			sourceTree = "<group>";
		};
		0AD8911C2B9EFE010073F479 /* GameComponents */ = {
			isa = PBXGroup;
			children = (
				0AD8911D2B9EFEFC0073F479 /* DestroyableComponent.swift */,
				0A5BC7742BA407C000A4BC34 /* PlayerComponent.swift */,
				0A5BC7762BA4093A00A4BC34 /* MovableComponent.swift */,
				0A5BC77E2BA40C7E00A4BC34 /* PositionalComponent.swift */,
			);
			path = GameComponents;
			sourceTree = "<group>";
		};
		0AD8911F2B9F036F0073F479 /* ViewModel */ = {
			isa = PBXGroup;
			children = (
				0AD891212B9F04070073F479 /* GameViewModel.swift */,
				0AD891232B9F040E0073F479 /* LevelDesignerViewModel.swift */,
			);
			path = ViewModel;
			sourceTree = "<group>";
		};
		0AD891202B9F037F0073F479 /* View */ = {
			isa = PBXGroup;
			children = (
				0A5BC7702BA4060400A4BC34 /* Sample.swift */,
			);
			path = View;
			sourceTree = "<group>";
		};
		1C8D57632B9EF6C1007A8CA8 /* Systems */ = {
			isa = PBXGroup;
			children = (
				1C8D57642B9EF6DC007A8CA8 /* System.swift */,
				0A5BC77B2BA40B9200A4BC34 /* GameSystems */,
			);
			path = Systems;
			sourceTree = "<group>";
		};
		3F91A1D52B9EB7F0003D87A6 = {
			isa = PBXGroup;
			children = (
				3F91A1E02B9EB7F0003D87A6 /* TheAlienThatEatsTheCarrot */,
				3F91A1F72B9EB7F1003D87A6 /* TheAlienThatEatsTheCarrotTests */,
				3F91A2012B9EB7F1003D87A6 /* TheAlienThatEatsTheCarrotUITests */,
				3F91A1DF2B9EB7F0003D87A6 /* Products */,
			);
			sourceTree = "<group>";
		};
		3F91A1DF2B9EB7F0003D87A6 /* Products */ = {
			isa = PBXGroup;
			children = (
				3F91A1DE2B9EB7F0003D87A6 /* TheAlienThatEatsTheCarrot.app */,
				3F91A1F42B9EB7F1003D87A6 /* TheAlienThatEatsTheCarrotTests.xctest */,
				3F91A1FE2B9EB7F1003D87A6 /* TheAlienThatEatsTheCarrotUITests.xctest */,
			);
			name = Products;
			sourceTree = "<group>";
		};
		3F91A1E02B9EB7F0003D87A6 /* TheAlienThatEatsTheCarrot */ = {
			isa = PBXGroup;
			children = (
				0A5BC7802BA4140B00A4BC34 /* GameRenderer */,
				9F843C522BA04DDB002518FC /* Model */,
				9F9DB2872BA2A3F600CB5CEA /* PhysicsEngine */,
				0AD891202B9F037F0073F479 /* View */,
				0AD8911F2B9F036F0073F479 /* ViewModel */,
				3F91A1E12B9EB7F0003D87A6 /* AppDelegate.swift */,
				3F91A1E32B9EB7F0003D87A6 /* SceneDelegate.swift */,
				3F91A1E52B9EB7F0003D87A6 /* ViewController.swift */,
				0AD8910F2B9EF2F20073F479 /* GameEngine */,
				3F91A1E72B9EB7F0003D87A6 /* Main.storyboard */,
				3F91A1EA2B9EB7F1003D87A6 /* Assets.xcassets */,
				3F91A1EC2B9EB7F1003D87A6 /* LaunchScreen.storyboard */,
				3F91A1EF2B9EB7F1003D87A6 /* Info.plist */,
			);
			path = TheAlienThatEatsTheCarrot;
			sourceTree = "<group>";
		};
		3F91A1F72B9EB7F1003D87A6 /* TheAlienThatEatsTheCarrotTests */ = {
			isa = PBXGroup;
			children = (
				3F91A1F82B9EB7F1003D87A6 /* TheAlienThatEatsTheCarrotTests.swift */,
			);
			path = TheAlienThatEatsTheCarrotTests;
			sourceTree = "<group>";
		};
		3F91A2012B9EB7F1003D87A6 /* TheAlienThatEatsTheCarrotUITests */ = {
			isa = PBXGroup;
			children = (
				3F91A2022B9EB7F1003D87A6 /* TheAlienThatEatsTheCarrotUITests.swift */,
				3F91A2042B9EB7F1003D87A6 /* TheAlienThatEatsTheCarrotUITestsLaunchTests.swift */,
			);
			path = TheAlienThatEatsTheCarrotUITests;
			sourceTree = "<group>";
		};
		9F843C522BA04DDB002518FC /* Model */ = {
			isa = PBXGroup;
			children = (
				9F843C6A2BA05DF4002518FC /* Utilities */,
				9F843C652BA04FF2002518FC /* BoardObject */,
			);
			path = Model;
			sourceTree = "<group>";
		};
		9F843C652BA04FF2002518FC /* BoardObject */ = {
			isa = PBXGroup;
			children = (
				9F843C9D2BA07F79002518FC /* Collectable */,
				9F843C8C2BA07A83002518FC /* Powerup */,
				9F843C892BA07A23002518FC /* Enemy */,
				9F843C882BA07A1A002518FC /* Character */,
				9F843C872BA07A0B002518FC /* Block */,
				9F843C682BA0500F002518FC /* BoardObject.swift */,
				0A5BC7872BA43CF300A4BC34 /* ObjectType.swift */,
			);
			path = BoardObject;
			sourceTree = "<group>";
		};
		9F843C6A2BA05DF4002518FC /* Utilities */ = {
			isa = PBXGroup;
			children = (
				9F843C6B2BA05DFF002518FC /* CGPoint+extensions.swift */,
				9F843C6D2BA0616B002518FC /* CGVector+extension.swift */,
				9F843C6F2BA062DD002518FC /* CGFloat+extension.swift */,
			);
			path = Utilities;
			sourceTree = "<group>";
		};
		9F843C872BA07A0B002518FC /* Block */ = {
			isa = PBXGroup;
			children = (
				9F843C752BA070D2002518FC /* Block.swift */,
				9F843C7F2BA074FD002518FC /* NormalBlock.swift */,
				9F843C812BA07953002518FC /* GroundBlock.swift */,
				9F843C832BA079D3002518FC /* SpikeBlock.swift */,
				9F843C852BA079F5002518FC /* BreakableBlock.swift */,
				9F843C8A2BA07A61002518FC /* PowerupBlock.swift */,
				9F843CA62BA080BC002518FC /* PushableBlock.swift */,
			);
			path = Block;
			sourceTree = "<group>";
		};
		9F843C882BA07A1A002518FC /* Character */ = {
			isa = PBXGroup;
			children = (
				9F843C712BA06EC0002518FC /* Character.swift */,
				9F843C7D2BA07480002518FC /* NormalCharacter.swift */,
			);
			path = Character;
			sourceTree = "<group>";
		};
		9F843C892BA07A23002518FC /* Enemy */ = {
			isa = PBXGroup;
			children = (
				9F843C7B2BA0740B002518FC /* Enemy.swift */,
				9F843C912BA07D0E002518FC /* FastEnemy.swift */,
				9F843C932BA07D55002518FC /* StationaryEnemy.swift */,
				9F843C792BA07388002518FC /* NormalEnemy.swift */,
				9F843C952BA07D90002518FC /* TurretEnemy.swift */,
			);
			path = Enemy;
			sourceTree = "<group>";
		};
		9F843C8C2BA07A83002518FC /* Powerup */ = {
			isa = PBXGroup;
			children = (
				9F843C8D2BA07A8E002518FC /* Powerup.swift */,
				9F843C972BA07E11002518FC /* InvinciblePowerup.swift */,
				9F843C8F2BA07C36002518FC /* StrengthPowerup.swift */,
				9F843C992BA07E9D002518FC /* AttackPowerup.swift */,
				9F843C9B2BA07EE4002518FC /* DoubleJumpPowerup.swift */,
			);
			path = Powerup;
			sourceTree = "<group>";
		};
		9F843C9D2BA07F79002518FC /* Collectable */ = {
			isa = PBXGroup;
			children = (
				9F843C9E2BA07F86002518FC /* Collectable.swift */,
				9F843CA02BA07FEB002518FC /* Coin.swift */,
				9F843CA22BA0803D002518FC /* Carrot.swift */,
				9F843CA42BA0806C002518FC /* Heart.swift */,
			);
			path = Collectable;
			sourceTree = "<group>";
		};
		9F9DB2872BA2A3F600CB5CEA /* PhysicsEngine */ = {
			isa = PBXGroup;
			children = (
				9F9DB2D62BA2B77B00CB5CEA /* Collision */,
				9F9DB2C62BA2A59800CB5CEA /* PhysicsConstants.swift */,
				9F9DB2C82BA2A5CE00CB5CEA /* PhysicsBody.swift */,
				9F9DB2CA2BA2A5F700CB5CEA /* Shape.swift */,
			);
			path = PhysicsEngine;
			sourceTree = "<group>";
		};
		9F9DB2D62BA2B77B00CB5CEA /* Collision */ = {
			isa = PBXGroup;
			children = (
				9F9DB2CC2BA2B6A700CB5CEA /* Collider.swift */,
				9F9DB2CE2BA2B6C600CB5CEA /* CollisionPoints.swift */,
				9F9DB2D02BA2B71700CB5CEA /* Collision.swift */,
				9F9DB2D22BA2B74600CB5CEA /* CircleCollider.swift */,
				9F9DB2D42BA2B75300CB5CEA /* RectangleCollider.swift */,
			);
			path = Collision;
			sourceTree = "<group>";
		};
/* End PBXGroup section */

/* Begin PBXNativeTarget section */
		3F91A1DD2B9EB7F0003D87A6 /* TheAlienThatEatsTheCarrot */ = {
			isa = PBXNativeTarget;
			buildConfigurationList = 3F91A2082B9EB7F1003D87A6 /* Build configuration list for PBXNativeTarget "TheAlienThatEatsTheCarrot" */;
			buildPhases = (
				3F91A1DA2B9EB7F0003D87A6 /* Sources */,
				3F91A1DB2B9EB7F0003D87A6 /* Frameworks */,
				3F91A1DC2B9EB7F0003D87A6 /* Resources */,
				3F91A2112B9EB7FE003D87A6 /* Run Script */,
			);
			buildRules = (
			);
			dependencies = (
			);
			name = TheAlienThatEatsTheCarrot;
			productName = TheAlienThatEatsTheCarrot;
			productReference = 3F91A1DE2B9EB7F0003D87A6 /* TheAlienThatEatsTheCarrot.app */;
			productType = "com.apple.product-type.application";
		};
		3F91A1F32B9EB7F1003D87A6 /* TheAlienThatEatsTheCarrotTests */ = {
			isa = PBXNativeTarget;
			buildConfigurationList = 3F91A20B2B9EB7F1003D87A6 /* Build configuration list for PBXNativeTarget "TheAlienThatEatsTheCarrotTests" */;
			buildPhases = (
				3F91A1F02B9EB7F1003D87A6 /* Sources */,
				3F91A1F12B9EB7F1003D87A6 /* Frameworks */,
				3F91A1F22B9EB7F1003D87A6 /* Resources */,
			);
			buildRules = (
			);
			dependencies = (
				3F91A1F62B9EB7F1003D87A6 /* PBXTargetDependency */,
			);
			name = TheAlienThatEatsTheCarrotTests;
			productName = TheAlienThatEatsTheCarrotTests;
			productReference = 3F91A1F42B9EB7F1003D87A6 /* TheAlienThatEatsTheCarrotTests.xctest */;
			productType = "com.apple.product-type.bundle.unit-test";
		};
		3F91A1FD2B9EB7F1003D87A6 /* TheAlienThatEatsTheCarrotUITests */ = {
			isa = PBXNativeTarget;
			buildConfigurationList = 3F91A20E2B9EB7F1003D87A6 /* Build configuration list for PBXNativeTarget "TheAlienThatEatsTheCarrotUITests" */;
			buildPhases = (
				3F91A1FA2B9EB7F1003D87A6 /* Sources */,
				3F91A1FB2B9EB7F1003D87A6 /* Frameworks */,
				3F91A1FC2B9EB7F1003D87A6 /* Resources */,
			);
			buildRules = (
			);
			dependencies = (
				3F91A2002B9EB7F1003D87A6 /* PBXTargetDependency */,
			);
			name = TheAlienThatEatsTheCarrotUITests;
			productName = TheAlienThatEatsTheCarrotUITests;
			productReference = 3F91A1FE2B9EB7F1003D87A6 /* TheAlienThatEatsTheCarrotUITests.xctest */;
			productType = "com.apple.product-type.bundle.ui-testing";
		};
/* End PBXNativeTarget section */

/* Begin PBXProject section */
		3F91A1D62B9EB7F0003D87A6 /* Project object */ = {
			isa = PBXProject;
			attributes = {
				BuildIndependentTargetsInParallel = 1;
				LastSwiftUpdateCheck = 1420;
				LastUpgradeCheck = 1420;
				TargetAttributes = {
					3F91A1DD2B9EB7F0003D87A6 = {
						CreatedOnToolsVersion = 14.2;
					};
					3F91A1F32B9EB7F1003D87A6 = {
						CreatedOnToolsVersion = 14.2;
						TestTargetID = 3F91A1DD2B9EB7F0003D87A6;
					};
					3F91A1FD2B9EB7F1003D87A6 = {
						CreatedOnToolsVersion = 14.2;
						TestTargetID = 3F91A1DD2B9EB7F0003D87A6;
					};
				};
			};
			buildConfigurationList = 3F91A1D92B9EB7F0003D87A6 /* Build configuration list for PBXProject "TheAlienThatEatsTheCarrot" */;
			compatibilityVersion = "Xcode 14.0";
			developmentRegion = en;
			hasScannedForEncodings = 0;
			knownRegions = (
				en,
				Base,
			);
			mainGroup = 3F91A1D52B9EB7F0003D87A6;
			productRefGroup = 3F91A1DF2B9EB7F0003D87A6 /* Products */;
			projectDirPath = "";
			projectRoot = "";
			targets = (
				3F91A1DD2B9EB7F0003D87A6 /* TheAlienThatEatsTheCarrot */,
				3F91A1F32B9EB7F1003D87A6 /* TheAlienThatEatsTheCarrotTests */,
				3F91A1FD2B9EB7F1003D87A6 /* TheAlienThatEatsTheCarrotUITests */,
			);
		};
/* End PBXProject section */

/* Begin PBXResourcesBuildPhase section */
		3F91A1DC2B9EB7F0003D87A6 /* Resources */ = {
			isa = PBXResourcesBuildPhase;
			buildActionMask = 2147483647;
			files = (
				3F91A1EE2B9EB7F1003D87A6 /* LaunchScreen.storyboard in Resources */,
				3F91A1EB2B9EB7F1003D87A6 /* Assets.xcassets in Resources */,
				3F91A1E92B9EB7F0003D87A6 /* Main.storyboard in Resources */,
			);
			runOnlyForDeploymentPostprocessing = 0;
		};
		3F91A1F22B9EB7F1003D87A6 /* Resources */ = {
			isa = PBXResourcesBuildPhase;
			buildActionMask = 2147483647;
			files = (
			);
			runOnlyForDeploymentPostprocessing = 0;
		};
		3F91A1FC2B9EB7F1003D87A6 /* Resources */ = {
			isa = PBXResourcesBuildPhase;
			buildActionMask = 2147483647;
			files = (
			);
			runOnlyForDeploymentPostprocessing = 0;
		};
/* End PBXResourcesBuildPhase section */

/* Begin PBXShellScriptBuildPhase section */
		3F91A2112B9EB7FE003D87A6 /* Run Script */ = {
			isa = PBXShellScriptBuildPhase;
			buildActionMask = 2147483647;
			files = (
			);
			inputFileListPaths = (
			);
			inputPaths = (
			);
			name = "Run Script";
			outputFileListPaths = (
			);
			outputPaths = (
			);
			runOnlyForDeploymentPostprocessing = 0;
			shellPath = /bin/sh;
			shellScript = "if [[ \"$(uname -m)\" == arm64 ]]; then\n    export PATH=\"/opt/homebrew/bin:$PATH\"\nfi\n\nif which swiftlint > /dev/null; then\n  swiftlint\nelse\n  echo \"warning: SwiftLint not installed, download from https://github.com/realm/SwiftLint\"\nfi\n";
		};
/* End PBXShellScriptBuildPhase section */

/* Begin PBXSourcesBuildPhase section */
		3F91A1DA2B9EB7F0003D87A6 /* Sources */ = {
			isa = PBXSourcesBuildPhase;
			buildActionMask = 2147483647;
			files = (
				9F8C0B9E2BA2C71E000AAC17 /* Block.swift in Sources */,
				9F843C7C2BA0740B002518FC /* Enemy.swift in Sources */,
				9F843C902BA07C36002518FC /* StrengthPowerup.swift in Sources */,
				9F9DB2D32BA2B74600CB5CEA /* CircleCollider.swift in Sources */,
				9F9DB2C92BA2A5CE00CB5CEA /* PhysicsBody.swift in Sources */,
				0A5BC7882BA43CF300A4BC34 /* ObjectType.swift in Sources */,
				0AD891242B9F040E0073F479 /* LevelDesignerViewModel.swift in Sources */,
				9F9DB2CB2BA2A5F700CB5CEA /* Shape.swift in Sources */,
				9F9DB2CD2BA2B6A700CB5CEA /* Collider.swift in Sources */,
				9F9DB2D12BA2B71700CB5CEA /* Collision.swift in Sources */,
				0A5BC77D2BA40BA500A4BC34 /* MovementSystem.swift in Sources */,
				0AD891222B9F04070073F479 /* GameViewModel.swift in Sources */,
				0A5BC7772BA4093A00A4BC34 /* MovableComponent.swift in Sources */,
				0A5BC7822BA4142300A4BC34 /* GameRenderer.swift in Sources */,
				9F9DB2C72BA2A59800CB5CEA /* PhysicsConstants.swift in Sources */,
				9F9DB2CF2BA2B6C600CB5CEA /* CollisionPoints.swift in Sources */,
				9F9DB2D52BA2B75300CB5CEA /* RectangleCollider.swift in Sources */,
				0A5BC77F2BA40C7E00A4BC34 /* PositionalComponent.swift in Sources */,
				9F843CA32BA0803D002518FC /* Carrot.swift in Sources */,
				0AD8911E2B9EFEFC0073F479 /* DestroyableComponent.swift in Sources */,
				3F91A1E62B9EB7F0003D87A6 /* ViewController.swift in Sources */,
				0AD8911B2B9EF4A80073F479 /* Nexus.swift in Sources */,
				0AD891192B9EF4730073F479 /* ComponentIdentifier.swift in Sources */,
				3F91A1E22B9EB7F0003D87A6 /* AppDelegate.swift in Sources */,
				0A5BC77A2BA409D100A4BC34 /* Direction.swift in Sources */,
				0AD891172B9EF3550073F479 /* Entity.swift in Sources */,
				3F91A1E42B9EB7F0003D87A6 /* SceneDelegate.swift in Sources */,
				0AD891112B9EF3080073F479 /* GameEngine.swift in Sources */,
				1C8D57652B9EF6DC007A8CA8 /* System.swift in Sources */,
				0A5BC7752BA407C000A4BC34 /* PlayerComponent.swift in Sources */,
				0A5BC7712BA4060400A4BC34 /* Sample.swift in Sources */,
				0AD891152B9EF32C0073F479 /* Component.swift in Sources */,
				0A5BC7732BA4077400A4BC34 /* Nexus+Extensions.swift in Sources */,
			);
			runOnlyForDeploymentPostprocessing = 0;
		};
		3F91A1F02B9EB7F1003D87A6 /* Sources */ = {
			isa = PBXSourcesBuildPhase;
			buildActionMask = 2147483647;
			files = (
				3F91A1F92B9EB7F1003D87A6 /* TheAlienThatEatsTheCarrotTests.swift in Sources */,
			);
			runOnlyForDeploymentPostprocessing = 0;
		};
		3F91A1FA2B9EB7F1003D87A6 /* Sources */ = {
			isa = PBXSourcesBuildPhase;
			buildActionMask = 2147483647;
			files = (
				3F91A2032B9EB7F1003D87A6 /* TheAlienThatEatsTheCarrotUITests.swift in Sources */,
				3F91A2052B9EB7F1003D87A6 /* TheAlienThatEatsTheCarrotUITestsLaunchTests.swift in Sources */,
			);
			runOnlyForDeploymentPostprocessing = 0;
		};
/* End PBXSourcesBuildPhase section */

/* Begin PBXTargetDependency section */
		3F91A1F62B9EB7F1003D87A6 /* PBXTargetDependency */ = {
			isa = PBXTargetDependency;
			target = 3F91A1DD2B9EB7F0003D87A6 /* TheAlienThatEatsTheCarrot */;
			targetProxy = 3F91A1F52B9EB7F1003D87A6 /* PBXContainerItemProxy */;
		};
		3F91A2002B9EB7F1003D87A6 /* PBXTargetDependency */ = {
			isa = PBXTargetDependency;
			target = 3F91A1DD2B9EB7F0003D87A6 /* TheAlienThatEatsTheCarrot */;
			targetProxy = 3F91A1FF2B9EB7F1003D87A6 /* PBXContainerItemProxy */;
		};
/* End PBXTargetDependency section */

/* Begin PBXVariantGroup section */
		3F91A1E72B9EB7F0003D87A6 /* Main.storyboard */ = {
			isa = PBXVariantGroup;
			children = (
				3F91A1E82B9EB7F0003D87A6 /* Base */,
			);
			name = Main.storyboard;
			sourceTree = "<group>";
		};
		3F91A1EC2B9EB7F1003D87A6 /* LaunchScreen.storyboard */ = {
			isa = PBXVariantGroup;
			children = (
				3F91A1ED2B9EB7F1003D87A6 /* Base */,
			);
			name = LaunchScreen.storyboard;
			sourceTree = "<group>";
		};
/* End PBXVariantGroup section */

/* Begin XCBuildConfiguration section */
		3F91A2062B9EB7F1003D87A6 /* Debug */ = {
			isa = XCBuildConfiguration;
			buildSettings = {
				ALWAYS_SEARCH_USER_PATHS = NO;
				CLANG_ANALYZER_NONNULL = YES;
				CLANG_ANALYZER_NUMBER_OBJECT_CONVERSION = YES_AGGRESSIVE;
				CLANG_CXX_LANGUAGE_STANDARD = "gnu++20";
				CLANG_ENABLE_MODULES = YES;
				CLANG_ENABLE_OBJC_ARC = YES;
				CLANG_ENABLE_OBJC_WEAK = YES;
				CLANG_WARN_BLOCK_CAPTURE_AUTORELEASING = YES;
				CLANG_WARN_BOOL_CONVERSION = YES;
				CLANG_WARN_COMMA = YES;
				CLANG_WARN_CONSTANT_CONVERSION = YES;
				CLANG_WARN_DEPRECATED_OBJC_IMPLEMENTATIONS = YES;
				CLANG_WARN_DIRECT_OBJC_ISA_USAGE = YES_ERROR;
				CLANG_WARN_DOCUMENTATION_COMMENTS = YES;
				CLANG_WARN_EMPTY_BODY = YES;
				CLANG_WARN_ENUM_CONVERSION = YES;
				CLANG_WARN_INFINITE_RECURSION = YES;
				CLANG_WARN_INT_CONVERSION = YES;
				CLANG_WARN_NON_LITERAL_NULL_CONVERSION = YES;
				CLANG_WARN_OBJC_IMPLICIT_RETAIN_SELF = YES;
				CLANG_WARN_OBJC_LITERAL_CONVERSION = YES;
				CLANG_WARN_OBJC_ROOT_CLASS = YES_ERROR;
				CLANG_WARN_QUOTED_INCLUDE_IN_FRAMEWORK_HEADER = YES;
				CLANG_WARN_RANGE_LOOP_ANALYSIS = YES;
				CLANG_WARN_STRICT_PROTOTYPES = YES;
				CLANG_WARN_SUSPICIOUS_MOVE = YES;
				CLANG_WARN_UNGUARDED_AVAILABILITY = YES_AGGRESSIVE;
				CLANG_WARN_UNREACHABLE_CODE = YES;
				CLANG_WARN__DUPLICATE_METHOD_MATCH = YES;
				COPY_PHASE_STRIP = NO;
				DEBUG_INFORMATION_FORMAT = dwarf;
				ENABLE_STRICT_OBJC_MSGSEND = YES;
				ENABLE_TESTABILITY = YES;
				GCC_C_LANGUAGE_STANDARD = gnu11;
				GCC_DYNAMIC_NO_PIC = NO;
				GCC_NO_COMMON_BLOCKS = YES;
				GCC_OPTIMIZATION_LEVEL = 0;
				GCC_PREPROCESSOR_DEFINITIONS = (
					"DEBUG=1",
					"$(inherited)",
				);
				GCC_WARN_64_TO_32_BIT_CONVERSION = YES;
				GCC_WARN_ABOUT_RETURN_TYPE = YES_ERROR;
				GCC_WARN_UNDECLARED_SELECTOR = YES;
				GCC_WARN_UNINITIALIZED_AUTOS = YES_AGGRESSIVE;
				GCC_WARN_UNUSED_FUNCTION = YES;
				GCC_WARN_UNUSED_VARIABLE = YES;
				IPHONEOS_DEPLOYMENT_TARGET = 16.2;
				MTL_ENABLE_DEBUG_INFO = INCLUDE_SOURCE;
				MTL_FAST_MATH = YES;
				ONLY_ACTIVE_ARCH = YES;
				SDKROOT = iphoneos;
				SWIFT_ACTIVE_COMPILATION_CONDITIONS = DEBUG;
				SWIFT_OPTIMIZATION_LEVEL = "-Onone";
			};
			name = Debug;
		};
		3F91A2072B9EB7F1003D87A6 /* Release */ = {
			isa = XCBuildConfiguration;
			buildSettings = {
				ALWAYS_SEARCH_USER_PATHS = NO;
				CLANG_ANALYZER_NONNULL = YES;
				CLANG_ANALYZER_NUMBER_OBJECT_CONVERSION = YES_AGGRESSIVE;
				CLANG_CXX_LANGUAGE_STANDARD = "gnu++20";
				CLANG_ENABLE_MODULES = YES;
				CLANG_ENABLE_OBJC_ARC = YES;
				CLANG_ENABLE_OBJC_WEAK = YES;
				CLANG_WARN_BLOCK_CAPTURE_AUTORELEASING = YES;
				CLANG_WARN_BOOL_CONVERSION = YES;
				CLANG_WARN_COMMA = YES;
				CLANG_WARN_CONSTANT_CONVERSION = YES;
				CLANG_WARN_DEPRECATED_OBJC_IMPLEMENTATIONS = YES;
				CLANG_WARN_DIRECT_OBJC_ISA_USAGE = YES_ERROR;
				CLANG_WARN_DOCUMENTATION_COMMENTS = YES;
				CLANG_WARN_EMPTY_BODY = YES;
				CLANG_WARN_ENUM_CONVERSION = YES;
				CLANG_WARN_INFINITE_RECURSION = YES;
				CLANG_WARN_INT_CONVERSION = YES;
				CLANG_WARN_NON_LITERAL_NULL_CONVERSION = YES;
				CLANG_WARN_OBJC_IMPLICIT_RETAIN_SELF = YES;
				CLANG_WARN_OBJC_LITERAL_CONVERSION = YES;
				CLANG_WARN_OBJC_ROOT_CLASS = YES_ERROR;
				CLANG_WARN_QUOTED_INCLUDE_IN_FRAMEWORK_HEADER = YES;
				CLANG_WARN_RANGE_LOOP_ANALYSIS = YES;
				CLANG_WARN_STRICT_PROTOTYPES = YES;
				CLANG_WARN_SUSPICIOUS_MOVE = YES;
				CLANG_WARN_UNGUARDED_AVAILABILITY = YES_AGGRESSIVE;
				CLANG_WARN_UNREACHABLE_CODE = YES;
				CLANG_WARN__DUPLICATE_METHOD_MATCH = YES;
				COPY_PHASE_STRIP = NO;
				DEBUG_INFORMATION_FORMAT = "dwarf-with-dsym";
				ENABLE_NS_ASSERTIONS = NO;
				ENABLE_STRICT_OBJC_MSGSEND = YES;
				GCC_C_LANGUAGE_STANDARD = gnu11;
				GCC_NO_COMMON_BLOCKS = YES;
				GCC_WARN_64_TO_32_BIT_CONVERSION = YES;
				GCC_WARN_ABOUT_RETURN_TYPE = YES_ERROR;
				GCC_WARN_UNDECLARED_SELECTOR = YES;
				GCC_WARN_UNINITIALIZED_AUTOS = YES_AGGRESSIVE;
				GCC_WARN_UNUSED_FUNCTION = YES;
				GCC_WARN_UNUSED_VARIABLE = YES;
				IPHONEOS_DEPLOYMENT_TARGET = 16.2;
				MTL_ENABLE_DEBUG_INFO = NO;
				MTL_FAST_MATH = YES;
				SDKROOT = iphoneos;
				SWIFT_COMPILATION_MODE = wholemodule;
				SWIFT_OPTIMIZATION_LEVEL = "-O";
				VALIDATE_PRODUCT = YES;
			};
			name = Release;
		};
		3F91A2092B9EB7F1003D87A6 /* Debug */ = {
			isa = XCBuildConfiguration;
			buildSettings = {
				ASSETCATALOG_COMPILER_APPICON_NAME = AppIcon;
				ASSETCATALOG_COMPILER_GLOBAL_ACCENT_COLOR_NAME = AccentColor;
				CODE_SIGN_STYLE = Automatic;
				CURRENT_PROJECT_VERSION = 1;
				DEVELOPMENT_TEAM = "";
				GENERATE_INFOPLIST_FILE = YES;
				INFOPLIST_FILE = TheAlienThatEatsTheCarrot/Info.plist;
				INFOPLIST_KEY_UIApplicationSupportsIndirectInputEvents = YES;
				INFOPLIST_KEY_UILaunchStoryboardName = LaunchScreen;
				INFOPLIST_KEY_UIMainStoryboardFile = Main;
				INFOPLIST_KEY_UISupportedInterfaceOrientations = "UIInterfaceOrientationLandscapeLeft UIInterfaceOrientationLandscapeRight UIInterfaceOrientationPortrait";
				INFOPLIST_KEY_UISupportedInterfaceOrientations_iPad = "UIInterfaceOrientationLandscapeLeft UIInterfaceOrientationLandscapeRight";
				LD_RUNPATH_SEARCH_PATHS = (
					"$(inherited)",
					"@executable_path/Frameworks",
				);
				MARKETING_VERSION = 1.0;
				PRODUCT_BUNDLE_IDENTIFIER = esa.TheAlienThatEatsTheCarrot;
				PRODUCT_NAME = "$(TARGET_NAME)";
				SUPPORTED_PLATFORMS = "iphoneos iphonesimulator";
				SUPPORTS_MACCATALYST = NO;
				SUPPORTS_MAC_DESIGNED_FOR_IPHONE_IPAD = NO;
				SWIFT_EMIT_LOC_STRINGS = YES;
				SWIFT_VERSION = 5.0;
				TARGETED_DEVICE_FAMILY = 2;
			};
			name = Debug;
		};
		3F91A20A2B9EB7F1003D87A6 /* Release */ = {
			isa = XCBuildConfiguration;
			buildSettings = {
				ASSETCATALOG_COMPILER_APPICON_NAME = AppIcon;
				ASSETCATALOG_COMPILER_GLOBAL_ACCENT_COLOR_NAME = AccentColor;
				CODE_SIGN_STYLE = Automatic;
				CURRENT_PROJECT_VERSION = 1;
				DEVELOPMENT_TEAM = "";
				GENERATE_INFOPLIST_FILE = YES;
				INFOPLIST_FILE = TheAlienThatEatsTheCarrot/Info.plist;
				INFOPLIST_KEY_UIApplicationSupportsIndirectInputEvents = YES;
				INFOPLIST_KEY_UILaunchStoryboardName = LaunchScreen;
				INFOPLIST_KEY_UIMainStoryboardFile = Main;
				INFOPLIST_KEY_UISupportedInterfaceOrientations = "UIInterfaceOrientationLandscapeLeft UIInterfaceOrientationLandscapeRight UIInterfaceOrientationPortrait";
				INFOPLIST_KEY_UISupportedInterfaceOrientations_iPad = "UIInterfaceOrientationLandscapeLeft UIInterfaceOrientationLandscapeRight";
				LD_RUNPATH_SEARCH_PATHS = (
					"$(inherited)",
					"@executable_path/Frameworks",
				);
				MARKETING_VERSION = 1.0;
				PRODUCT_BUNDLE_IDENTIFIER = esa.TheAlienThatEatsTheCarrot;
				PRODUCT_NAME = "$(TARGET_NAME)";
				SUPPORTED_PLATFORMS = "iphoneos iphonesimulator";
				SUPPORTS_MACCATALYST = NO;
				SUPPORTS_MAC_DESIGNED_FOR_IPHONE_IPAD = NO;
				SWIFT_EMIT_LOC_STRINGS = YES;
				SWIFT_VERSION = 5.0;
				TARGETED_DEVICE_FAMILY = 2;
			};
			name = Release;
		};
		3F91A20C2B9EB7F1003D87A6 /* Debug */ = {
			isa = XCBuildConfiguration;
			buildSettings = {
				ALWAYS_EMBED_SWIFT_STANDARD_LIBRARIES = YES;
				BUNDLE_LOADER = "$(TEST_HOST)";
				CODE_SIGN_STYLE = Automatic;
				CURRENT_PROJECT_VERSION = 1;
				DEVELOPMENT_TEAM = 47X7TKJ478;
				GENERATE_INFOPLIST_FILE = YES;
				IPHONEOS_DEPLOYMENT_TARGET = 16.2;
				MARKETING_VERSION = 1.0;
				PRODUCT_BUNDLE_IDENTIFIER = esa.TheAlienThatEatsTheCarrotTests;
				PRODUCT_NAME = "$(TARGET_NAME)";
				SWIFT_EMIT_LOC_STRINGS = NO;
				SWIFT_VERSION = 5.0;
				TARGETED_DEVICE_FAMILY = "1,2";
				TEST_HOST = "$(BUILT_PRODUCTS_DIR)/TheAlienThatEatsTheCarrot.app/$(BUNDLE_EXECUTABLE_FOLDER_PATH)/TheAlienThatEatsTheCarrot";
			};
			name = Debug;
		};
		3F91A20D2B9EB7F1003D87A6 /* Release */ = {
			isa = XCBuildConfiguration;
			buildSettings = {
				ALWAYS_EMBED_SWIFT_STANDARD_LIBRARIES = YES;
				BUNDLE_LOADER = "$(TEST_HOST)";
				CODE_SIGN_STYLE = Automatic;
				CURRENT_PROJECT_VERSION = 1;
				DEVELOPMENT_TEAM = 47X7TKJ478;
				GENERATE_INFOPLIST_FILE = YES;
				IPHONEOS_DEPLOYMENT_TARGET = 16.2;
				MARKETING_VERSION = 1.0;
				PRODUCT_BUNDLE_IDENTIFIER = esa.TheAlienThatEatsTheCarrotTests;
				PRODUCT_NAME = "$(TARGET_NAME)";
				SWIFT_EMIT_LOC_STRINGS = NO;
				SWIFT_VERSION = 5.0;
				TARGETED_DEVICE_FAMILY = "1,2";
				TEST_HOST = "$(BUILT_PRODUCTS_DIR)/TheAlienThatEatsTheCarrot.app/$(BUNDLE_EXECUTABLE_FOLDER_PATH)/TheAlienThatEatsTheCarrot";
			};
			name = Release;
		};
		3F91A20F2B9EB7F1003D87A6 /* Debug */ = {
			isa = XCBuildConfiguration;
			buildSettings = {
				ALWAYS_EMBED_SWIFT_STANDARD_LIBRARIES = YES;
				CODE_SIGN_STYLE = Automatic;
				CURRENT_PROJECT_VERSION = 1;
				DEVELOPMENT_TEAM = 47X7TKJ478;
				GENERATE_INFOPLIST_FILE = YES;
				MARKETING_VERSION = 1.0;
				PRODUCT_BUNDLE_IDENTIFIER = esa.TheAlienThatEatsTheCarrotUITests;
				PRODUCT_NAME = "$(TARGET_NAME)";
				SWIFT_EMIT_LOC_STRINGS = NO;
				SWIFT_VERSION = 5.0;
				TARGETED_DEVICE_FAMILY = "1,2";
				TEST_TARGET_NAME = TheAlienThatEatsTheCarrot;
			};
			name = Debug;
		};
		3F91A2102B9EB7F1003D87A6 /* Release */ = {
			isa = XCBuildConfiguration;
			buildSettings = {
				ALWAYS_EMBED_SWIFT_STANDARD_LIBRARIES = YES;
				CODE_SIGN_STYLE = Automatic;
				CURRENT_PROJECT_VERSION = 1;
				DEVELOPMENT_TEAM = 47X7TKJ478;
				GENERATE_INFOPLIST_FILE = YES;
				MARKETING_VERSION = 1.0;
				PRODUCT_BUNDLE_IDENTIFIER = esa.TheAlienThatEatsTheCarrotUITests;
				PRODUCT_NAME = "$(TARGET_NAME)";
				SWIFT_EMIT_LOC_STRINGS = NO;
				SWIFT_VERSION = 5.0;
				TARGETED_DEVICE_FAMILY = "1,2";
				TEST_TARGET_NAME = TheAlienThatEatsTheCarrot;
			};
			name = Release;
		};
/* End XCBuildConfiguration section */

/* Begin XCConfigurationList section */
		3F91A1D92B9EB7F0003D87A6 /* Build configuration list for PBXProject "TheAlienThatEatsTheCarrot" */ = {
			isa = XCConfigurationList;
			buildConfigurations = (
				3F91A2062B9EB7F1003D87A6 /* Debug */,
				3F91A2072B9EB7F1003D87A6 /* Release */,
			);
			defaultConfigurationIsVisible = 0;
			defaultConfigurationName = Release;
		};
		3F91A2082B9EB7F1003D87A6 /* Build configuration list for PBXNativeTarget "TheAlienThatEatsTheCarrot" */ = {
			isa = XCConfigurationList;
			buildConfigurations = (
				3F91A2092B9EB7F1003D87A6 /* Debug */,
				3F91A20A2B9EB7F1003D87A6 /* Release */,
			);
			defaultConfigurationIsVisible = 0;
			defaultConfigurationName = Release;
		};
		3F91A20B2B9EB7F1003D87A6 /* Build configuration list for PBXNativeTarget "TheAlienThatEatsTheCarrotTests" */ = {
			isa = XCConfigurationList;
			buildConfigurations = (
				3F91A20C2B9EB7F1003D87A6 /* Debug */,
				3F91A20D2B9EB7F1003D87A6 /* Release */,
			);
			defaultConfigurationIsVisible = 0;
			defaultConfigurationName = Release;
		};
		3F91A20E2B9EB7F1003D87A6 /* Build configuration list for PBXNativeTarget "TheAlienThatEatsTheCarrotUITests" */ = {
			isa = XCConfigurationList;
			buildConfigurations = (
				3F91A20F2B9EB7F1003D87A6 /* Debug */,
				3F91A2102B9EB7F1003D87A6 /* Release */,
			);
			defaultConfigurationIsVisible = 0;
			defaultConfigurationName = Release;
		};
/* End XCConfigurationList section */
	};
	rootObject = 3F91A1D62B9EB7F0003D87A6 /* Project object */;
}
